
Microsoft Visual Studio Solution File, Format Version 12.00
# Visual Studio Version 17
VisualStudioVersion = 17.9.34728.123
MinimumVisualStudioVersion = 10.0.40219.1
Project("{FAE04EC0-301F-11D3-BF4B-00C04F79EFBC}") = "A. Square or rectangle", "A. Square or rectangle\A. Square or rectangle.csproj", "{45C0FDEC-49A7-45CA-A858-FCEB265E0FFB}"
EndProject
Project("{FAE04EC0-301F-11D3-BF4B-00C04F79EFBC}") = "B. Reversing", "B. Reversing\B. Reversing.csproj", "{F9B84413-B8EA-47E6-8C58-636BC0E64106}"
EndProject
Project("{FAE04EC0-301F-11D3-BF4B-00C04F79EFBC}") = "C. Choose Elements", "C. Choose Elements\C. Choose Elements.csproj", "{9DD7FE8C-5C33-4F51-9FA9-C45D22296571}"
EndProject
Global
	GlobalSection(SolutionConfigurationPlatforms) = preSolution
		Debug|Any CPU = Debug|Any CPU
		Release|Any CPU = Release|Any CPU
	EndGlobalSection
	GlobalSection(ProjectConfigurationPlatforms) = postSolution
		{45C0FDEC-49A7-45CA-A858-FCEB265E0FFB}.Debug|Any CPU.ActiveCfg = Debug|Any CPU
		{45C0FDEC-49A7-45CA-A858-FCEB265E0FFB}.Debug|Any CPU.Build.0 = Debug|Any CPU
		{45C0FDEC-49A7-45CA-A858-FCEB265E0FFB}.Release|Any CPU.ActiveCfg = Release|Any CPU
		{45C0FDEC-49A7-45CA-A858-FCEB265E0FFB}.Release|Any CPU.Build.0 = Release|Any CPU
		{F9B84413-B8EA-47E6-8C58-636BC0E64106}.Debug|Any CPU.ActiveCfg = Debug|Any CPU
		{F9B84413-B8EA-47E6-8C58-636BC0E64106}.Debug|Any CPU.Build.0 = Debug|Any CPU
		{F9B84413-B8EA-47E6-8C58-636BC0E64106}.Release|Any CPU.ActiveCfg = Release|Any CPU
		{F9B84413-B8EA-47E6-8C58-636BC0E64106}.Release|Any CPU.Build.0 = Release|Any CPU
		{9DD7FE8C-5C33-4F51-9FA9-C45D22296571}.Debug|Any CPU.ActiveCfg = Debug|Any CPU
		{9DD7FE8C-5C33-4F51-9FA9-C45D22296571}.Debug|Any CPU.Build.0 = Debug|Any CPU
		{9DD7FE8C-5C33-4F51-9FA9-C45D22296571}.Release|Any CPU.ActiveCfg = Release|Any CPU
		{9DD7FE8C-5C33-4F51-9FA9-C45D22296571}.Release|Any CPU.Build.0 = Release|Any CPU
	EndGlobalSection
	GlobalSection(SolutionProperties) = preSolution
		HideSolutionNode = FALSE
	EndGlobalSection
	GlobalSection(ExtensibilityGlobals) = postSolution
		SolutionGuid = {61B1DEB3-B955-4889-A7A3-037A183FE797}
	EndGlobalSection
EndGlobal
