
Microsoft Visual Studio Solution File, Format Version 12.00
# Visual Studio Version 17
VisualStudioVersion = 17.9.34728.123
MinimumVisualStudioVersion = 10.0.40219.1
Project("{9A19103F-16F7-4668-BE54-9A1E7A4F7556}") = "A. Create A New String", "A. Create A New String\A. Create A New String.csproj", "{D0C5D4FD-F9AC-448D-B9FD-0182652F066A}"
EndProject
Project("{9A19103F-16F7-4668-BE54-9A1E7A4F7556}") = "B. Let's use Getline", "B. Let's use Getline\B. Let's use Getline.csproj", "{A97A6DC6-7F13-4092-A567-3AE1C745BB39}"
EndProject
Project("{9A19103F-16F7-4668-BE54-9A1E7A4F7556}") = "C. Compare", "C. Compare\C. Compare.csproj", "{9ED1ECD5-E67F-4A88-80BA-92C7CDC89BF4}"
EndProject
Project("{9A19103F-16F7-4668-BE54-9A1E7A4F7556}") = "D. Strings", "D. Strings\D. Strings.csproj", "{B036E0E7-B929-462F-91C9-6584A3E7CF0D}"
EndProject
Project("{9A19103F-16F7-4668-BE54-9A1E7A4F7556}") = "E. Count", "E. Count\E. Count.csproj", "{CFAA2F2F-7BF5-4085-8236-F889E63A0AB9}"
EndProject
Project("{9A19103F-16F7-4668-BE54-9A1E7A4F7556}") = "F. Way Too Long Words", "F. Way Too Long Words\F. Way Too Long Words.csproj", "{A08F51F1-614B-45F0-9B51-E1CA1E46BD6F}"
EndProject
Project("{9A19103F-16F7-4668-BE54-9A1E7A4F7556}") = "G. Conversion", "G. Conversion\G. Conversion.csproj", "{39E96430-34DD-47B3-BE1D-C5D7690831B8}"
EndProject
Project("{9A19103F-16F7-4668-BE54-9A1E7A4F7556}") = "H. Good or Bad", "H. Good or Bad\H. Good or Bad.csproj", "{57FC02F6-C959-48FD-8172-EA1F868C8009}"
EndProject
Project("{9A19103F-16F7-4668-BE54-9A1E7A4F7556}") = "I. Palindrome", "I. Palindrome\I. Palindrome.csproj", "{C69091CD-CEF7-43C4-A2AB-1D4D0D8122B7}"
EndProject
Project("{9A19103F-16F7-4668-BE54-9A1E7A4F7556}") = "J. Count Letters", "J. Count Letters\J. Count Letters.csproj", "{B92E1558-37F8-4DF5-8BA1-817201FE00B0}"
EndProject
Project("{9A19103F-16F7-4668-BE54-9A1E7A4F7556}") = "K. I Love strings", "K. I Love strings\K. I Love strings.csproj", "{38CD5EE2-D9B2-467F-9BF8-71E757F8E7A5}"
EndProject
Project("{9A19103F-16F7-4668-BE54-9A1E7A4F7556}") = "L. String Functions", "L. String Functions\L. String Functions.csproj", "{528CC3F7-0885-41EB-AEFC-65B9D3CA8BCC}"
EndProject
Project("{9A19103F-16F7-4668-BE54-9A1E7A4F7556}") = "M. Subsequence String", "M. Subsequence String\M. Subsequence String.csproj", "{6AA52410-7311-43B4-8218-921CA2E07CCD}"
EndProject
Project("{9A19103F-16F7-4668-BE54-9A1E7A4F7556}") = "N. Max Subsequence", "N. Max Subsequence\N. Max Subsequence.csproj", "{F0DB263A-4996-47AC-8228-A7C3422E8E8D}"
EndProject
Project("{9A19103F-16F7-4668-BE54-9A1E7A4F7556}") = "O. Sort String", "O. Sort String\O. Sort String.csproj", "{6EF7845A-75D8-4384-9520-57304CB94F1C}"
EndProject
Project("{9A19103F-16F7-4668-BE54-9A1E7A4F7556}") = "P. Count Words", "P. Count Words\P. Count Words.csproj", "{122278C3-7097-4FA9-B6AA-3E7C92E1182E}"
EndProject
Project("{9A19103F-16F7-4668-BE54-9A1E7A4F7556}") = "Q. Reverse Words", "Q. Reverse Words\Q. Reverse Words.csproj", "{522E8608-FB3C-4BD3-83CA-0D2F17F30FB7}"
EndProject
Project("{9A19103F-16F7-4668-BE54-9A1E7A4F7556}") = "R. String Score", "R. String Score\R. String Score.csproj", "{615E3D25-25A9-44EC-9A46-5D60F067AFE3}"
EndProject
Project("{9A19103F-16F7-4668-BE54-9A1E7A4F7556}") = "S. Max Split", "S. Max Split\S. Max Split.csproj", "{C1CF4625-412C-43DB-B660-E86248FB7CAD}"
EndProject
Project("{9A19103F-16F7-4668-BE54-9A1E7A4F7556}") = "T. URL", "T. URL\T. URL.csproj", "{7CEC8E10-CFA0-426D-B7C2-25F5FB675B16}"
EndProject
Project("{9A19103F-16F7-4668-BE54-9A1E7A4F7556}") = "U. New Words", "U. New Words\U. New Words.csproj", "{6BE30885-CBEC-43FB-A8D2-03251B496307}"
EndProject
Project("{9A19103F-16F7-4668-BE54-9A1E7A4F7556}") = "V. Replace Word", "V. Replace Word\V. Replace Word.csproj", "{E15259AB-7C54-40C3-B36D-D0F4F658C02A}"
EndProject
Project("{9A19103F-16F7-4668-BE54-9A1E7A4F7556}") = "W. Encrypt & Decrypt Message", "W. Encrypt & Decrypt Message\W. Encrypt & Decrypt Message.csproj", "{221650AC-9C77-40EB-AA13-BCB9D91E1AD3}"
EndProject
Project("{FAE04EC0-301F-11D3-BF4B-00C04F79EFBC}") = "X. Comparison", "X. Comparison\X. Comparison.csproj", "{F23115A9-C3CB-4AFC-A3B4-EA16E2212377}"
EndProject
Global
	GlobalSection(SolutionConfigurationPlatforms) = preSolution
		Debug|Any CPU = Debug|Any CPU
		Release|Any CPU = Release|Any CPU
	EndGlobalSection
	GlobalSection(ProjectConfigurationPlatforms) = postSolution
		{D0C5D4FD-F9AC-448D-B9FD-0182652F066A}.Debug|Any CPU.ActiveCfg = Debug|Any CPU
		{D0C5D4FD-F9AC-448D-B9FD-0182652F066A}.Debug|Any CPU.Build.0 = Debug|Any CPU
		{D0C5D4FD-F9AC-448D-B9FD-0182652F066A}.Release|Any CPU.ActiveCfg = Release|Any CPU
		{D0C5D4FD-F9AC-448D-B9FD-0182652F066A}.Release|Any CPU.Build.0 = Release|Any CPU
		{A97A6DC6-7F13-4092-A567-3AE1C745BB39}.Debug|Any CPU.ActiveCfg = Debug|Any CPU
		{A97A6DC6-7F13-4092-A567-3AE1C745BB39}.Debug|Any CPU.Build.0 = Debug|Any CPU
		{A97A6DC6-7F13-4092-A567-3AE1C745BB39}.Release|Any CPU.ActiveCfg = Release|Any CPU
		{A97A6DC6-7F13-4092-A567-3AE1C745BB39}.Release|Any CPU.Build.0 = Release|Any CPU
		{9ED1ECD5-E67F-4A88-80BA-92C7CDC89BF4}.Debug|Any CPU.ActiveCfg = Debug|Any CPU
		{9ED1ECD5-E67F-4A88-80BA-92C7CDC89BF4}.Debug|Any CPU.Build.0 = Debug|Any CPU
		{9ED1ECD5-E67F-4A88-80BA-92C7CDC89BF4}.Release|Any CPU.ActiveCfg = Release|Any CPU
		{9ED1ECD5-E67F-4A88-80BA-92C7CDC89BF4}.Release|Any CPU.Build.0 = Release|Any CPU
		{B036E0E7-B929-462F-91C9-6584A3E7CF0D}.Debug|Any CPU.ActiveCfg = Debug|Any CPU
		{B036E0E7-B929-462F-91C9-6584A3E7CF0D}.Debug|Any CPU.Build.0 = Debug|Any CPU
		{B036E0E7-B929-462F-91C9-6584A3E7CF0D}.Release|Any CPU.ActiveCfg = Release|Any CPU
		{B036E0E7-B929-462F-91C9-6584A3E7CF0D}.Release|Any CPU.Build.0 = Release|Any CPU
		{CFAA2F2F-7BF5-4085-8236-F889E63A0AB9}.Debug|Any CPU.ActiveCfg = Debug|Any CPU
		{CFAA2F2F-7BF5-4085-8236-F889E63A0AB9}.Debug|Any CPU.Build.0 = Debug|Any CPU
		{CFAA2F2F-7BF5-4085-8236-F889E63A0AB9}.Release|Any CPU.ActiveCfg = Release|Any CPU
		{CFAA2F2F-7BF5-4085-8236-F889E63A0AB9}.Release|Any CPU.Build.0 = Release|Any CPU
		{A08F51F1-614B-45F0-9B51-E1CA1E46BD6F}.Debug|Any CPU.ActiveCfg = Debug|Any CPU
		{A08F51F1-614B-45F0-9B51-E1CA1E46BD6F}.Debug|Any CPU.Build.0 = Debug|Any CPU
		{A08F51F1-614B-45F0-9B51-E1CA1E46BD6F}.Release|Any CPU.ActiveCfg = Release|Any CPU
		{A08F51F1-614B-45F0-9B51-E1CA1E46BD6F}.Release|Any CPU.Build.0 = Release|Any CPU
		{39E96430-34DD-47B3-BE1D-C5D7690831B8}.Debug|Any CPU.ActiveCfg = Debug|Any CPU
		{39E96430-34DD-47B3-BE1D-C5D7690831B8}.Debug|Any CPU.Build.0 = Debug|Any CPU
		{39E96430-34DD-47B3-BE1D-C5D7690831B8}.Release|Any CPU.ActiveCfg = Release|Any CPU
		{39E96430-34DD-47B3-BE1D-C5D7690831B8}.Release|Any CPU.Build.0 = Release|Any CPU
		{57FC02F6-C959-48FD-8172-EA1F868C8009}.Debug|Any CPU.ActiveCfg = Debug|Any CPU
		{57FC02F6-C959-48FD-8172-EA1F868C8009}.Debug|Any CPU.Build.0 = Debug|Any CPU
		{57FC02F6-C959-48FD-8172-EA1F868C8009}.Release|Any CPU.ActiveCfg = Release|Any CPU
		{57FC02F6-C959-48FD-8172-EA1F868C8009}.Release|Any CPU.Build.0 = Release|Any CPU
		{C69091CD-CEF7-43C4-A2AB-1D4D0D8122B7}.Debug|Any CPU.ActiveCfg = Debug|Any CPU
		{C69091CD-CEF7-43C4-A2AB-1D4D0D8122B7}.Debug|Any CPU.Build.0 = Debug|Any CPU
		{C69091CD-CEF7-43C4-A2AB-1D4D0D8122B7}.Release|Any CPU.ActiveCfg = Release|Any CPU
		{C69091CD-CEF7-43C4-A2AB-1D4D0D8122B7}.Release|Any CPU.Build.0 = Release|Any CPU
		{B92E1558-37F8-4DF5-8BA1-817201FE00B0}.Debug|Any CPU.ActiveCfg = Debug|Any CPU
		{B92E1558-37F8-4DF5-8BA1-817201FE00B0}.Debug|Any CPU.Build.0 = Debug|Any CPU
		{B92E1558-37F8-4DF5-8BA1-817201FE00B0}.Release|Any CPU.ActiveCfg = Release|Any CPU
		{B92E1558-37F8-4DF5-8BA1-817201FE00B0}.Release|Any CPU.Build.0 = Release|Any CPU
		{38CD5EE2-D9B2-467F-9BF8-71E757F8E7A5}.Debug|Any CPU.ActiveCfg = Debug|Any CPU
		{38CD5EE2-D9B2-467F-9BF8-71E757F8E7A5}.Debug|Any CPU.Build.0 = Debug|Any CPU
		{38CD5EE2-D9B2-467F-9BF8-71E757F8E7A5}.Release|Any CPU.ActiveCfg = Release|Any CPU
		{38CD5EE2-D9B2-467F-9BF8-71E757F8E7A5}.Release|Any CPU.Build.0 = Release|Any CPU
		{528CC3F7-0885-41EB-AEFC-65B9D3CA8BCC}.Debug|Any CPU.ActiveCfg = Debug|Any CPU
		{528CC3F7-0885-41EB-AEFC-65B9D3CA8BCC}.Debug|Any CPU.Build.0 = Debug|Any CPU
		{528CC3F7-0885-41EB-AEFC-65B9D3CA8BCC}.Release|Any CPU.ActiveCfg = Release|Any CPU
		{528CC3F7-0885-41EB-AEFC-65B9D3CA8BCC}.Release|Any CPU.Build.0 = Release|Any CPU
		{6AA52410-7311-43B4-8218-921CA2E07CCD}.Debug|Any CPU.ActiveCfg = Debug|Any CPU
		{6AA52410-7311-43B4-8218-921CA2E07CCD}.Debug|Any CPU.Build.0 = Debug|Any CPU
		{6AA52410-7311-43B4-8218-921CA2E07CCD}.Release|Any CPU.ActiveCfg = Release|Any CPU
		{6AA52410-7311-43B4-8218-921CA2E07CCD}.Release|Any CPU.Build.0 = Release|Any CPU
		{F0DB263A-4996-47AC-8228-A7C3422E8E8D}.Debug|Any CPU.ActiveCfg = Debug|Any CPU
		{F0DB263A-4996-47AC-8228-A7C3422E8E8D}.Debug|Any CPU.Build.0 = Debug|Any CPU
		{F0DB263A-4996-47AC-8228-A7C3422E8E8D}.Release|Any CPU.ActiveCfg = Release|Any CPU
		{F0DB263A-4996-47AC-8228-A7C3422E8E8D}.Release|Any CPU.Build.0 = Release|Any CPU
		{6EF7845A-75D8-4384-9520-57304CB94F1C}.Debug|Any CPU.ActiveCfg = Debug|Any CPU
		{6EF7845A-75D8-4384-9520-57304CB94F1C}.Debug|Any CPU.Build.0 = Debug|Any CPU
		{6EF7845A-75D8-4384-9520-57304CB94F1C}.Release|Any CPU.ActiveCfg = Release|Any CPU
		{6EF7845A-75D8-4384-9520-57304CB94F1C}.Release|Any CPU.Build.0 = Release|Any CPU
		{122278C3-7097-4FA9-B6AA-3E7C92E1182E}.Debug|Any CPU.ActiveCfg = Debug|Any CPU
		{122278C3-7097-4FA9-B6AA-3E7C92E1182E}.Debug|Any CPU.Build.0 = Debug|Any CPU
		{122278C3-7097-4FA9-B6AA-3E7C92E1182E}.Release|Any CPU.ActiveCfg = Release|Any CPU
		{122278C3-7097-4FA9-B6AA-3E7C92E1182E}.Release|Any CPU.Build.0 = Release|Any CPU
		{522E8608-FB3C-4BD3-83CA-0D2F17F30FB7}.Debug|Any CPU.ActiveCfg = Debug|Any CPU
		{522E8608-FB3C-4BD3-83CA-0D2F17F30FB7}.Debug|Any CPU.Build.0 = Debug|Any CPU
		{522E8608-FB3C-4BD3-83CA-0D2F17F30FB7}.Release|Any CPU.ActiveCfg = Release|Any CPU
		{522E8608-FB3C-4BD3-83CA-0D2F17F30FB7}.Release|Any CPU.Build.0 = Release|Any CPU
		{615E3D25-25A9-44EC-9A46-5D60F067AFE3}.Debug|Any CPU.ActiveCfg = Debug|Any CPU
		{615E3D25-25A9-44EC-9A46-5D60F067AFE3}.Debug|Any CPU.Build.0 = Debug|Any CPU
		{615E3D25-25A9-44EC-9A46-5D60F067AFE3}.Release|Any CPU.ActiveCfg = Release|Any CPU
		{615E3D25-25A9-44EC-9A46-5D60F067AFE3}.Release|Any CPU.Build.0 = Release|Any CPU
		{C1CF4625-412C-43DB-B660-E86248FB7CAD}.Debug|Any CPU.ActiveCfg = Debug|Any CPU
		{C1CF4625-412C-43DB-B660-E86248FB7CAD}.Debug|Any CPU.Build.0 = Debug|Any CPU
		{C1CF4625-412C-43DB-B660-E86248FB7CAD}.Release|Any CPU.ActiveCfg = Release|Any CPU
		{C1CF4625-412C-43DB-B660-E86248FB7CAD}.Release|Any CPU.Build.0 = Release|Any CPU
		{7CEC8E10-CFA0-426D-B7C2-25F5FB675B16}.Debug|Any CPU.ActiveCfg = Debug|Any CPU
		{7CEC8E10-CFA0-426D-B7C2-25F5FB675B16}.Debug|Any CPU.Build.0 = Debug|Any CPU
		{7CEC8E10-CFA0-426D-B7C2-25F5FB675B16}.Release|Any CPU.ActiveCfg = Release|Any CPU
		{7CEC8E10-CFA0-426D-B7C2-25F5FB675B16}.Release|Any CPU.Build.0 = Release|Any CPU
		{6BE30885-CBEC-43FB-A8D2-03251B496307}.Debug|Any CPU.ActiveCfg = Debug|Any CPU
		{6BE30885-CBEC-43FB-A8D2-03251B496307}.Debug|Any CPU.Build.0 = Debug|Any CPU
		{6BE30885-CBEC-43FB-A8D2-03251B496307}.Release|Any CPU.ActiveCfg = Release|Any CPU
		{6BE30885-CBEC-43FB-A8D2-03251B496307}.Release|Any CPU.Build.0 = Release|Any CPU
		{E15259AB-7C54-40C3-B36D-D0F4F658C02A}.Debug|Any CPU.ActiveCfg = Debug|Any CPU
		{E15259AB-7C54-40C3-B36D-D0F4F658C02A}.Debug|Any CPU.Build.0 = Debug|Any CPU
		{E15259AB-7C54-40C3-B36D-D0F4F658C02A}.Release|Any CPU.ActiveCfg = Release|Any CPU
		{E15259AB-7C54-40C3-B36D-D0F4F658C02A}.Release|Any CPU.Build.0 = Release|Any CPU
		{221650AC-9C77-40EB-AA13-BCB9D91E1AD3}.Debug|Any CPU.ActiveCfg = Debug|Any CPU
		{221650AC-9C77-40EB-AA13-BCB9D91E1AD3}.Debug|Any CPU.Build.0 = Debug|Any CPU
		{221650AC-9C77-40EB-AA13-BCB9D91E1AD3}.Release|Any CPU.ActiveCfg = Release|Any CPU
		{221650AC-9C77-40EB-AA13-BCB9D91E1AD3}.Release|Any CPU.Build.0 = Release|Any CPU
		{F23115A9-C3CB-4AFC-A3B4-EA16E2212377}.Debug|Any CPU.ActiveCfg = Debug|Any CPU
		{F23115A9-C3CB-4AFC-A3B4-EA16E2212377}.Debug|Any CPU.Build.0 = Debug|Any CPU
		{F23115A9-C3CB-4AFC-A3B4-EA16E2212377}.Release|Any CPU.ActiveCfg = Release|Any CPU
		{F23115A9-C3CB-4AFC-A3B4-EA16E2212377}.Release|Any CPU.Build.0 = Release|Any CPU
	EndGlobalSection
	GlobalSection(SolutionProperties) = preSolution
		HideSolutionNode = FALSE
	EndGlobalSection
	GlobalSection(ExtensibilityGlobals) = postSolution
		SolutionGuid = {73452424-8D88-4DC0-AD46-7760C1EBE03D}
	EndGlobalSection
EndGlobal
