
Microsoft Visual Studio Solution File, Format Version 12.00
# Visual Studio Version 17
VisualStudioVersion = 17.9.34728.123
MinimumVisualStudioVersion = 10.0.40219.1
Project("{9A19103F-16F7-4668-BE54-9A1E7A4F7556}") = "A. Create A New String", "A. Create A New String\A. Create A New String.csproj", "{D0C5D4FD-F9AC-448D-B9FD-0182652F066A}"
EndProject
Project("{9A19103F-16F7-4668-BE54-9A1E7A4F7556}") = "B. Let's use Getline", "B. Let's use Getline\B. Let's use Getline.csproj", "{A97A6DC6-7F13-4092-A567-3AE1C745BB39}"
EndProject
Project("{9A19103F-16F7-4668-BE54-9A1E7A4F7556}") = "C. Compare", "C. Compare\C. Compare.csproj", "{9ED1ECD5-E67F-4A88-80BA-92C7CDC89BF4}"
EndProject
Project("{FAE04EC0-301F-11D3-BF4B-00C04F79EFBC}") = "D. Strings", "D. Strings\D. Strings.csproj", "{B036E0E7-B929-462F-91C9-6584A3E7CF0D}"
EndProject
Project("{FAE04EC0-301F-11D3-BF4B-00C04F79EFBC}") = "E. Count", "E. Count\E. Count.csproj", "{CFAA2F2F-7BF5-4085-8236-F889E63A0AB9}"
EndProject
Project("{FAE04EC0-301F-11D3-BF4B-00C04F79EFBC}") = "F. Way Too Long Words", "F. Way Too Long Words\F. Way Too Long Words.csproj", "{A08F51F1-614B-45F0-9B51-E1CA1E46BD6F}"
EndProject
Project("{FAE04EC0-301F-11D3-BF4B-00C04F79EFBC}") = "G. Conversion", "G. Conversion\G. Conversion.csproj", "{39E96430-34DD-47B3-BE1D-C5D7690831B8}"
EndProject
Project("{FAE04EC0-301F-11D3-BF4B-00C04F79EFBC}") = "H. Good or Bad", "H. Good or Bad\H. Good or Bad.csproj", "{57FC02F6-C959-48FD-8172-EA1F868C8009}"
EndProject
Project("{FAE04EC0-301F-11D3-BF4B-00C04F79EFBC}") = "I. Palindrome", "I. Palindrome\I. Palindrome.csproj", "{C69091CD-CEF7-43C4-A2AB-1D4D0D8122B7}"
EndProject
Project("{FAE04EC0-301F-11D3-BF4B-00C04F79EFBC}") = "J. Count Letters", "J. Count Letters\J. Count Letters.csproj", "{B92E1558-37F8-4DF5-8BA1-817201FE00B0}"
EndProject
Project("{FAE04EC0-301F-11D3-BF4B-00C04F79EFBC}") = "K. I Love strings", "K. I Love strings\K. I Love strings.csproj", "{38CD5EE2-D9B2-467F-9BF8-71E757F8E7A5}"
EndProject
Global
	GlobalSection(SolutionConfigurationPlatforms) = preSolution
		Debug|Any CPU = Debug|Any CPU
		Release|Any CPU = Release|Any CPU
	EndGlobalSection
	GlobalSection(ProjectConfigurationPlatforms) = postSolution
		{D0C5D4FD-F9AC-448D-B9FD-0182652F066A}.Debug|Any CPU.ActiveCfg = Debug|Any CPU
		{D0C5D4FD-F9AC-448D-B9FD-0182652F066A}.Debug|Any CPU.Build.0 = Debug|Any CPU
		{D0C5D4FD-F9AC-448D-B9FD-0182652F066A}.Release|Any CPU.ActiveCfg = Release|Any CPU
		{D0C5D4FD-F9AC-448D-B9FD-0182652F066A}.Release|Any CPU.Build.0 = Release|Any CPU
		{A97A6DC6-7F13-4092-A567-3AE1C745BB39}.Debug|Any CPU.ActiveCfg = Debug|Any CPU
		{A97A6DC6-7F13-4092-A567-3AE1C745BB39}.Debug|Any CPU.Build.0 = Debug|Any CPU
		{A97A6DC6-7F13-4092-A567-3AE1C745BB39}.Release|Any CPU.ActiveCfg = Release|Any CPU
		{A97A6DC6-7F13-4092-A567-3AE1C745BB39}.Release|Any CPU.Build.0 = Release|Any CPU
		{9ED1ECD5-E67F-4A88-80BA-92C7CDC89BF4}.Debug|Any CPU.ActiveCfg = Debug|Any CPU
		{9ED1ECD5-E67F-4A88-80BA-92C7CDC89BF4}.Debug|Any CPU.Build.0 = Debug|Any CPU
		{9ED1ECD5-E67F-4A88-80BA-92C7CDC89BF4}.Release|Any CPU.ActiveCfg = Release|Any CPU
		{9ED1ECD5-E67F-4A88-80BA-92C7CDC89BF4}.Release|Any CPU.Build.0 = Release|Any CPU
		{B036E0E7-B929-462F-91C9-6584A3E7CF0D}.Debug|Any CPU.ActiveCfg = Debug|Any CPU
		{B036E0E7-B929-462F-91C9-6584A3E7CF0D}.Debug|Any CPU.Build.0 = Debug|Any CPU
		{B036E0E7-B929-462F-91C9-6584A3E7CF0D}.Release|Any CPU.ActiveCfg = Release|Any CPU
		{B036E0E7-B929-462F-91C9-6584A3E7CF0D}.Release|Any CPU.Build.0 = Release|Any CPU
		{CFAA2F2F-7BF5-4085-8236-F889E63A0AB9}.Debug|Any CPU.ActiveCfg = Debug|Any CPU
		{CFAA2F2F-7BF5-4085-8236-F889E63A0AB9}.Debug|Any CPU.Build.0 = Debug|Any CPU
		{CFAA2F2F-7BF5-4085-8236-F889E63A0AB9}.Release|Any CPU.ActiveCfg = Release|Any CPU
		{CFAA2F2F-7BF5-4085-8236-F889E63A0AB9}.Release|Any CPU.Build.0 = Release|Any CPU
		{A08F51F1-614B-45F0-9B51-E1CA1E46BD6F}.Debug|Any CPU.ActiveCfg = Debug|Any CPU
		{A08F51F1-614B-45F0-9B51-E1CA1E46BD6F}.Debug|Any CPU.Build.0 = Debug|Any CPU
		{A08F51F1-614B-45F0-9B51-E1CA1E46BD6F}.Release|Any CPU.ActiveCfg = Release|Any CPU
		{A08F51F1-614B-45F0-9B51-E1CA1E46BD6F}.Release|Any CPU.Build.0 = Release|Any CPU
		{39E96430-34DD-47B3-BE1D-C5D7690831B8}.Debug|Any CPU.ActiveCfg = Debug|Any CPU
		{39E96430-34DD-47B3-BE1D-C5D7690831B8}.Debug|Any CPU.Build.0 = Debug|Any CPU
		{39E96430-34DD-47B3-BE1D-C5D7690831B8}.Release|Any CPU.ActiveCfg = Release|Any CPU
		{39E96430-34DD-47B3-BE1D-C5D7690831B8}.Release|Any CPU.Build.0 = Release|Any CPU
		{57FC02F6-C959-48FD-8172-EA1F868C8009}.Debug|Any CPU.ActiveCfg = Debug|Any CPU
		{57FC02F6-C959-48FD-8172-EA1F868C8009}.Debug|Any CPU.Build.0 = Debug|Any CPU
		{57FC02F6-C959-48FD-8172-EA1F868C8009}.Release|Any CPU.ActiveCfg = Release|Any CPU
		{57FC02F6-C959-48FD-8172-EA1F868C8009}.Release|Any CPU.Build.0 = Release|Any CPU
		{C69091CD-CEF7-43C4-A2AB-1D4D0D8122B7}.Debug|Any CPU.ActiveCfg = Debug|Any CPU
		{C69091CD-CEF7-43C4-A2AB-1D4D0D8122B7}.Debug|Any CPU.Build.0 = Debug|Any CPU
		{C69091CD-CEF7-43C4-A2AB-1D4D0D8122B7}.Release|Any CPU.ActiveCfg = Release|Any CPU
		{C69091CD-CEF7-43C4-A2AB-1D4D0D8122B7}.Release|Any CPU.Build.0 = Release|Any CPU
		{B92E1558-37F8-4DF5-8BA1-817201FE00B0}.Debug|Any CPU.ActiveCfg = Debug|Any CPU
		{B92E1558-37F8-4DF5-8BA1-817201FE00B0}.Debug|Any CPU.Build.0 = Debug|Any CPU
		{B92E1558-37F8-4DF5-8BA1-817201FE00B0}.Release|Any CPU.ActiveCfg = Release|Any CPU
		{B92E1558-37F8-4DF5-8BA1-817201FE00B0}.Release|Any CPU.Build.0 = Release|Any CPU
		{38CD5EE2-D9B2-467F-9BF8-71E757F8E7A5}.Debug|Any CPU.ActiveCfg = Debug|Any CPU
		{38CD5EE2-D9B2-467F-9BF8-71E757F8E7A5}.Debug|Any CPU.Build.0 = Debug|Any CPU
		{38CD5EE2-D9B2-467F-9BF8-71E757F8E7A5}.Release|Any CPU.ActiveCfg = Release|Any CPU
		{38CD5EE2-D9B2-467F-9BF8-71E757F8E7A5}.Release|Any CPU.Build.0 = Release|Any CPU
	EndGlobalSection
	GlobalSection(SolutionProperties) = preSolution
		HideSolutionNode = FALSE
	EndGlobalSection
	GlobalSection(ExtensibilityGlobals) = postSolution
		SolutionGuid = {73452424-8D88-4DC0-AD46-7760C1EBE03D}
	EndGlobalSection
EndGlobal
