
Microsoft Visual Studio Solution File, Format Version 12.00
# Visual Studio Version 17
VisualStudioVersion = 17.8.34511.84
MinimumVisualStudioVersion = 10.0.40219.1
Project("{9A19103F-16F7-4668-BE54-9A1E7A4F7556}") = "Best time to buy and sell stock", "Best time to buy and sell stock\Best time to buy and sell stock.csproj", "{7A6BFE30-59C7-43E9-86C2-CA6C8FCE8D18}"
EndProject
Project("{9A19103F-16F7-4668-BE54-9A1E7A4F7556}") = "Contains duplicate", "Contains duplicate\Contains duplicate.csproj", "{A57317A7-4388-45C0-BDD7-E4FCD90106D2}"
EndProject
Project("{9A19103F-16F7-4668-BE54-9A1E7A4F7556}") = "Fizz Buzz", "Fizz Buzz\Fizz Buzz.csproj", "{1E49A27C-394A-4EEC-BF03-AAFB181AD837}"
EndProject
Project("{9A19103F-16F7-4668-BE54-9A1E7A4F7556}") = "Merge Strings Alternately", "Merge Strings Alternately\Merge Strings Alternately.csproj", "{2A0C9485-DF27-47A2-B8A6-803392BF5CE9}"
EndProject
Project("{9A19103F-16F7-4668-BE54-9A1E7A4F7556}") = "number of steps to reduce input to zero", "number of steps to reduce input to zero\number of steps to reduce input to zero.csproj", "{3F8D5199-1A60-436D-B85D-34C2A0E513C4}"
EndProject
Project("{9A19103F-16F7-4668-BE54-9A1E7A4F7556}") = "Product of Array excpet self", "Product of Array excpet self\Product of Array excpet self.csproj", "{8E1B3C91-6548-444D-ADF5-A1F2F1636D2D}"
EndProject
Project("{9A19103F-16F7-4668-BE54-9A1E7A4F7556}") = "quick sort - divide and conauer", "quick sort - divide and conauer\quick sort - divide and conauer.csproj", "{60985D05-E306-471F-B8C4-4FE84EA87BCE}"
EndProject
Project("{9A19103F-16F7-4668-BE54-9A1E7A4F7556}") = "riches cutomer wealth", "riches cutomer wealth\riches cutomer wealth.csproj", "{27C02633-9E6D-4D4D-9764-67EDF7357316}"
EndProject
Project("{9A19103F-16F7-4668-BE54-9A1E7A4F7556}") = "Running sum of 1d array", "Running sum of 1d array\Running sum of 1d array.csproj", "{9BD08930-7641-473B-B3CC-6442989F5352}"
EndProject
Project("{9A19103F-16F7-4668-BE54-9A1E7A4F7556}") = "Two Sum", "Two Sum\Two Sum.csproj", "{D3277258-CE81-45BB-B387-66003B5723E7}"
EndProject
Project("{9A19103F-16F7-4668-BE54-9A1E7A4F7556}") = "Ransome Note", "Ransome Note\Ransome Note.csproj", "{B8CDFA6C-1A0E-4CDF-9CE3-052DE454F34E}"
EndProject
Project("{9A19103F-16F7-4668-BE54-9A1E7A4F7556}") = "FindMaxConsecutiveOnes", "FindMaxConsecutiveOnes\FindMaxConsecutiveOnes.csproj", "{5A8CAEA6-8418-420E-BAFD-70DB48356A6B}"
EndProject
Project("{9A19103F-16F7-4668-BE54-9A1E7A4F7556}") = "FindNumbers", "FindNumbers\FindNumbers.csproj", "{67193EDE-2CA1-4981-8176-940E1196AA8E}"
EndProject
Project("{9A19103F-16F7-4668-BE54-9A1E7A4F7556}") = "Squares of a Sorted Array", "Squares of a Sorted Array\Squares of a Sorted Array.csproj", "{5157301D-E110-4F86-8C31-9A95CDCDAEB7}"
EndProject
Project("{9A19103F-16F7-4668-BE54-9A1E7A4F7556}") = "Duplicate Zeros", "Duplicate Zeros\Duplicate Zeros.csproj", "{5ADC9680-950F-4D77-BAF3-DE2C0E6350B0}"
EndProject
Project("{9A19103F-16F7-4668-BE54-9A1E7A4F7556}") = "Merge Sorted Array", "Merge Sorted Array\Merge Sorted Array.csproj", "{4AE3E460-CDD4-4CDF-9C09-88C909C910B6}"
EndProject
Project("{9A19103F-16F7-4668-BE54-9A1E7A4F7556}") = "Remove Element", "Remove Element\Remove Element.csproj", "{F5BC8932-9052-45F7-A2DB-B18F230873C1}"
EndProject
Project("{9A19103F-16F7-4668-BE54-9A1E7A4F7556}") = "Remove Duplicates", "Remove Duplicates\Remove Duplicates.csproj", "{15667BA0-6980-4BB2-87FF-A82FD9FD16C4}"
EndProject
Project("{FAE04EC0-301F-11D3-BF4B-00C04F79EFBC}") = "Check If N and Its Double Exist", "Check If N and Its Double Exist\Check If N and Its Double Exist.csproj", "{47336FF4-3C59-450B-B93E-ADA9D38D12D6}"
EndProject
Project("{FAE04EC0-301F-11D3-BF4B-00C04F79EFBC}") = "Valid Mountain Array", "Valid Mountain Array\Valid Mountain Array.csproj", "{3A9AE013-BCAB-4A87-88D5-B6A478DCCA70}"
EndProject
Project("{FAE04EC0-301F-11D3-BF4B-00C04F79EFBC}") = "Replace Elements with Greatest Element on Right Side", "Replace Elements with Greatest Element on Right Side\Replace Elements with Greatest Element on Right Side.csproj", "{3A3A3D45-3F01-419D-95AB-D76011F787B7}"
EndProject
Project("{FAE04EC0-301F-11D3-BF4B-00C04F79EFBC}") = "Remove Duplicates Better", "Remove Duplicates Better\Remove Duplicates Better.csproj", "{22C81AD5-E0A5-483D-B0CD-0584AC33EEC1}"
EndProject
Project("{FAE04EC0-301F-11D3-BF4B-00C04F79EFBC}") = "Move Zeroes", "Move Zeroes\Move Zeroes.csproj", "{D7B67B86-2E39-4281-9F3B-224235242DDB}"
EndProject
Project("{FAE04EC0-301F-11D3-BF4B-00C04F79EFBC}") = "Sort Array By Parity", "Sort Array By Parity\Sort Array By Parity.csproj", "{A194A602-CF28-4E18-906C-B603D15A1FDB}"
EndProject
Project("{FAE04EC0-301F-11D3-BF4B-00C04F79EFBC}") = "Remove Element Refactored", "Remove Element Refactored\Remove Element Refactored.csproj", "{D34C73F0-8489-406C-A947-7E0F624582E8}"
EndProject
Project("{FAE04EC0-301F-11D3-BF4B-00C04F79EFBC}") = "Height Checker", "Height Checker\Height Checker.csproj", "{0B5227BA-A8E6-4F65-9DEC-691A1AACB51E}"
EndProject
Project("{FAE04EC0-301F-11D3-BF4B-00C04F79EFBC}") = "Third Maximum Number", "Third Maximum Number\Third Maximum Number.csproj", "{5A490595-37C9-4EF2-BF41-1AA67CAD22A7}"
EndProject
Project("{FAE04EC0-301F-11D3-BF4B-00C04F79EFBC}") = "Find All Numbers Disappeared in an Array", "Find All Numbers Disappeared in an Array\Find All Numbers Disappeared in an Array.csproj", "{042601D7-D2C2-4144-876C-4E78D4ED7A1F}"
EndProject
Project("{FAE04EC0-301F-11D3-BF4B-00C04F79EFBC}") = "Squares of a Sorted Array Modified", "Squares of a Sorted Array Modified\Squares of a Sorted Array Modified.csproj", "{21CEED81-B151-45C6-9C97-8882E29A05DD}"
EndProject
Project("{FAE04EC0-301F-11D3-BF4B-00C04F79EFBC}") = "Find Pivot Index", "Find Pivot Index\Find Pivot Index.csproj", "{91263356-AA4E-4D61-87A7-D9A2E1EE85F5}"
EndProject
Project("{FAE04EC0-301F-11D3-BF4B-00C04F79EFBC}") = "Largest Number At Least Twice of Others", "Largest Number At Least Twice of Others\Largest Number At Least Twice of Others.csproj", "{DC0CA552-2B5C-43AD-8A99-372A4CDB6596}"
EndProject
Project("{FAE04EC0-301F-11D3-BF4B-00C04F79EFBC}") = "Plus One", "Plus One\Plus One.csproj", "{BF49216D-CAFB-4D1D-BE1B-E5D5D26FD508}"
EndProject
Project("{FAE04EC0-301F-11D3-BF4B-00C04F79EFBC}") = "Diagonal Traverse", "Diagonal Traverse\Diagonal Traverse.csproj", "{71862AD9-9823-4C09-9D50-E6D14CB7EAAB}"
EndProject
Project("{FAE04EC0-301F-11D3-BF4B-00C04F79EFBC}") = "Spiral Matrix", "Spiral Matrix\Spiral Matrix.csproj", "{C1390DAB-98DA-4387-AD41-59217147BD07}"
EndProject
Project("{FAE04EC0-301F-11D3-BF4B-00C04F79EFBC}") = "Pascal Triangle", "Pascal Triangle\Pascal Triangle.csproj", "{0FA32E76-E6F8-449F-B430-5CCF195FECC8}"
EndProject
Project("{FAE04EC0-301F-11D3-BF4B-00C04F79EFBC}") = "Add Binary", "Add Binary\Add Binary.csproj", "{1803B7AE-A67F-4C6F-A851-98CF88A21A14}"
EndProject
Project("{FAE04EC0-301F-11D3-BF4B-00C04F79EFBC}") = "Implement strStr", "Implement strStr\Implement strStr.csproj", "{D5A1F1F8-E27C-4924-B674-D6C7609D3E79}"
EndProject
Project("{FAE04EC0-301F-11D3-BF4B-00C04F79EFBC}") = "Longest Common Prefix", "Longest Common Prefix\Longest Common Prefix.csproj", "{E376AA42-2A69-41F7-9B51-D0C57A360257}"
EndProject
Project("{FAE04EC0-301F-11D3-BF4B-00C04F79EFBC}") = "Reverse String", "Reverse String\Reverse String.csproj", "{FD619716-0372-4E98-AB6E-3FF1229BB23C}"
EndProject
Project("{FAE04EC0-301F-11D3-BF4B-00C04F79EFBC}") = "Two Sum II - Input array is sorted", "Two Sum II - Input array is sorted\Two Sum II - Input array is sorted.csproj", "{86D7D824-281C-469C-B2D1-BAB9D65912CD}"
EndProject
Project("{FAE04EC0-301F-11D3-BF4B-00C04F79EFBC}") = "Remove Element New", "Remove Element New\Remove Element New.csproj", "{7C2A1B4F-3901-46AB-B7A1-0A6B52905A74}"
EndProject
Project("{FAE04EC0-301F-11D3-BF4B-00C04F79EFBC}") = "Max Consecutive Ones", "Max Consecutive Ones\Max Consecutive Ones.csproj", "{879EF09C-6581-4E36-BC50-2FBFEA798762}"
EndProject
Project("{FAE04EC0-301F-11D3-BF4B-00C04F79EFBC}") = "Minimum Size Subarray Sum", "Minimum Size Subarray Sum\Minimum Size Subarray Sum.csproj", "{D45268BC-9363-488F-9FC9-861B8595DCAB}"
EndProject
Project("{FAE04EC0-301F-11D3-BF4B-00C04F79EFBC}") = "Rotate Array", "Rotate Array\Rotate Array.csproj", "{7275CF44-859B-4630-9F9B-A41DE0B2CC74}"
EndProject
Project("{FAE04EC0-301F-11D3-BF4B-00C04F79EFBC}") = "Pascal's Triangle II", "Pascal's Triangle II\Pascal's Triangle II.csproj", "{DB2F1141-EC10-4AC3-92FE-C892484D0297}"
EndProject
Project("{FAE04EC0-301F-11D3-BF4B-00C04F79EFBC}") = "Reverse Words in a String", "Reverse Words in a String\Reverse Words in a String.csproj", "{D0129980-C21E-4929-BCB6-D4F9115ABE3C}"
EndProject
Project("{FAE04EC0-301F-11D3-BF4B-00C04F79EFBC}") = "Reverse Words in a String III", "Reverse Words in a String III\Reverse Words in a String III.csproj", "{EF8A1934-B662-412B-BE3F-E680D54002C2}"
EndProject
Project("{FAE04EC0-301F-11D3-BF4B-00C04F79EFBC}") = "Remove Duplicates from Sorted Array", "Remove Duplicates from Sorted Array\Remove Duplicates from Sorted Array.csproj", "{1B777C91-96AF-4D9D-91E0-05CF4479E004}"
EndProject
Project("{FAE04EC0-301F-11D3-BF4B-00C04F79EFBC}") = "Design Linked List", "Design Linked List\Design Linked List.csproj", "{D832F045-387B-4EF4-B650-C868C2D12FDC}"
EndProject
Project("{FAE04EC0-301F-11D3-BF4B-00C04F79EFBC}") = "Linked List Cycle", "Linked List Cycle\Linked List Cycle.csproj", "{A4007AC2-A3B9-4128-AA5C-3078364F4A60}"
EndProject
Project("{FAE04EC0-301F-11D3-BF4B-00C04F79EFBC}") = "Linked List Cycle II", "Linked List Cycle II\Linked List Cycle II.csproj", "{C9BEF8F8-1A36-4425-81DD-CEB63810C59C}"
EndProject
Project("{FAE04EC0-301F-11D3-BF4B-00C04F79EFBC}") = "Intersection of Two Linked Lists", "Intersection of Two Linked Lists\Intersection of Two Linked Lists.csproj", "{37E5090A-5A34-4BF0-B73A-BB4B20A0286C}"
EndProject
Project("{FAE04EC0-301F-11D3-BF4B-00C04F79EFBC}") = "Remove Nth Node From End of List", "Remove Nth Node From End of List\Remove Nth Node From End of List.csproj", "{5314C793-35F9-469E-AF16-FB3D96289C3E}"
EndProject
Project("{FAE04EC0-301F-11D3-BF4B-00C04F79EFBC}") = "Reverse Linked List", "Reverse Linked List\Reverse Linked List.csproj", "{D6D7F116-C3E8-47E9-838C-BCB9E1774A39}"
EndProject
Project("{FAE04EC0-301F-11D3-BF4B-00C04F79EFBC}") = "Remove Linked List Elements", "Remove Linked List Elements\Remove Linked List Elements.csproj", "{048DA059-A1C3-4483-A52F-8A9143199A8D}"
EndProject
Project("{FAE04EC0-301F-11D3-BF4B-00C04F79EFBC}") = "Odd Even Linked List", "Odd Even Linked List\Odd Even Linked List.csproj", "{AFD6EF50-034B-4B90-A40A-19ED38C1F08B}"
EndProject
Project("{FAE04EC0-301F-11D3-BF4B-00C04F79EFBC}") = "Palindrome Linked List", "Palindrome Linked List\Palindrome Linked List.csproj", "{F5EB77D7-6C2B-4192-B151-8DA0CF7B26B0}"
EndProject
Project("{FAE04EC0-301F-11D3-BF4B-00C04F79EFBC}") = "Merge Two Sorted Lists", "Merge Two Sorted Lists\Merge Two Sorted Lists.csproj", "{AC55586D-1BF7-40F8-BE89-5D06679A805B}"
EndProject
Project("{FAE04EC0-301F-11D3-BF4B-00C04F79EFBC}") = "Add Two Numbers", "Add Two Numbers\Add Two Numbers.csproj", "{B3080DC1-5D42-4FDE-963B-A96B3CF77BC7}"
EndProject
Project("{FAE04EC0-301F-11D3-BF4B-00C04F79EFBC}") = "Flatten a Multilevel Doubly Linked List", "Flatten a Multilevel Doubly Linked List\Flatten a Multilevel Doubly Linked List.csproj", "{D59D480C-4308-48C4-8440-73F7BB908BD3}"
EndProject
Project("{FAE04EC0-301F-11D3-BF4B-00C04F79EFBC}") = "Copy List with Random Pointer", "Copy List with Random Pointer\Copy List with Random Pointer.csproj", "{C73FFCC9-9D5E-4ABE-9217-416D4FE18C1B}"
EndProject
Project("{FAE04EC0-301F-11D3-BF4B-00C04F79EFBC}") = "Rotate List", "Rotate List\Rotate List.csproj", "{339D82F2-E2C4-4FEE-B199-0B64F1498F52}"
EndProject
Project("{FAE04EC0-301F-11D3-BF4B-00C04F79EFBC}") = "Design HashSet", "Design HashSet\Design HashSet.csproj", "{47353C69-1D7B-4478-B943-60480BFECD51}"
EndProject
Project("{FAE04EC0-301F-11D3-BF4B-00C04F79EFBC}") = "Design HashMap", "Design HashMap\Design HashMap.csproj", "{B63CD54B-83BA-47EF-A55D-CBDBCEA42FAB}"
EndProject
Project("{FAE04EC0-301F-11D3-BF4B-00C04F79EFBC}") = "Hashset Contains Duplicate", "Hashset Contains Duplicate\Hashset Contains Duplicate.csproj", "{216C63A0-1B79-45AE-8CCA-C8587EB18896}"
EndProject
Project("{FAE04EC0-301F-11D3-BF4B-00C04F79EFBC}") = "Single Number", "Single Number\Single Number.csproj", "{48FDA5A1-B4A1-4AE5-B47A-85D7A7821CD6}"
EndProject
Project("{FAE04EC0-301F-11D3-BF4B-00C04F79EFBC}") = "Intersection of Two Arrays", "Intersection of Two Arrays\Intersection of Two Arrays.csproj", "{2DFB9BAB-F4C4-4048-9DA3-FD48688DD758}"
EndProject
Project("{FAE04EC0-301F-11D3-BF4B-00C04F79EFBC}") = "Happy Number", "Happy Number\Happy Number.csproj", "{4D620594-47E8-490A-856E-1F8A85B7A925}"
EndProject
Global
	GlobalSection(SolutionConfigurationPlatforms) = preSolution
		Debug|Any CPU = Debug|Any CPU
		Debug|x64 = Debug|x64
		Debug|x86 = Debug|x86
		Release|Any CPU = Release|Any CPU
		Release|x64 = Release|x64
		Release|x86 = Release|x86
	EndGlobalSection
	GlobalSection(ProjectConfigurationPlatforms) = postSolution
		{7A6BFE30-59C7-43E9-86C2-CA6C8FCE8D18}.Debug|Any CPU.ActiveCfg = Debug|Any CPU
		{7A6BFE30-59C7-43E9-86C2-CA6C8FCE8D18}.Debug|Any CPU.Build.0 = Debug|Any CPU
		{7A6BFE30-59C7-43E9-86C2-CA6C8FCE8D18}.Debug|x64.ActiveCfg = Debug|Any CPU
		{7A6BFE30-59C7-43E9-86C2-CA6C8FCE8D18}.Debug|x64.Build.0 = Debug|Any CPU
		{7A6BFE30-59C7-43E9-86C2-CA6C8FCE8D18}.Debug|x86.ActiveCfg = Debug|Any CPU
		{7A6BFE30-59C7-43E9-86C2-CA6C8FCE8D18}.Debug|x86.Build.0 = Debug|Any CPU
		{7A6BFE30-59C7-43E9-86C2-CA6C8FCE8D18}.Release|Any CPU.ActiveCfg = Release|Any CPU
		{7A6BFE30-59C7-43E9-86C2-CA6C8FCE8D18}.Release|Any CPU.Build.0 = Release|Any CPU
		{7A6BFE30-59C7-43E9-86C2-CA6C8FCE8D18}.Release|x64.ActiveCfg = Release|Any CPU
		{7A6BFE30-59C7-43E9-86C2-CA6C8FCE8D18}.Release|x64.Build.0 = Release|Any CPU
		{7A6BFE30-59C7-43E9-86C2-CA6C8FCE8D18}.Release|x86.ActiveCfg = Release|Any CPU
		{7A6BFE30-59C7-43E9-86C2-CA6C8FCE8D18}.Release|x86.Build.0 = Release|Any CPU
		{A57317A7-4388-45C0-BDD7-E4FCD90106D2}.Debug|Any CPU.ActiveCfg = Debug|Any CPU
		{A57317A7-4388-45C0-BDD7-E4FCD90106D2}.Debug|Any CPU.Build.0 = Debug|Any CPU
		{A57317A7-4388-45C0-BDD7-E4FCD90106D2}.Debug|x64.ActiveCfg = Debug|Any CPU
		{A57317A7-4388-45C0-BDD7-E4FCD90106D2}.Debug|x64.Build.0 = Debug|Any CPU
		{A57317A7-4388-45C0-BDD7-E4FCD90106D2}.Debug|x86.ActiveCfg = Debug|Any CPU
		{A57317A7-4388-45C0-BDD7-E4FCD90106D2}.Debug|x86.Build.0 = Debug|Any CPU
		{A57317A7-4388-45C0-BDD7-E4FCD90106D2}.Release|Any CPU.ActiveCfg = Release|Any CPU
		{A57317A7-4388-45C0-BDD7-E4FCD90106D2}.Release|Any CPU.Build.0 = Release|Any CPU
		{A57317A7-4388-45C0-BDD7-E4FCD90106D2}.Release|x64.ActiveCfg = Release|Any CPU
		{A57317A7-4388-45C0-BDD7-E4FCD90106D2}.Release|x64.Build.0 = Release|Any CPU
		{A57317A7-4388-45C0-BDD7-E4FCD90106D2}.Release|x86.ActiveCfg = Release|Any CPU
		{A57317A7-4388-45C0-BDD7-E4FCD90106D2}.Release|x86.Build.0 = Release|Any CPU
		{1E49A27C-394A-4EEC-BF03-AAFB181AD837}.Debug|Any CPU.ActiveCfg = Debug|Any CPU
		{1E49A27C-394A-4EEC-BF03-AAFB181AD837}.Debug|Any CPU.Build.0 = Debug|Any CPU
		{1E49A27C-394A-4EEC-BF03-AAFB181AD837}.Debug|x64.ActiveCfg = Debug|Any CPU
		{1E49A27C-394A-4EEC-BF03-AAFB181AD837}.Debug|x64.Build.0 = Debug|Any CPU
		{1E49A27C-394A-4EEC-BF03-AAFB181AD837}.Debug|x86.ActiveCfg = Debug|Any CPU
		{1E49A27C-394A-4EEC-BF03-AAFB181AD837}.Debug|x86.Build.0 = Debug|Any CPU
		{1E49A27C-394A-4EEC-BF03-AAFB181AD837}.Release|Any CPU.ActiveCfg = Release|Any CPU
		{1E49A27C-394A-4EEC-BF03-AAFB181AD837}.Release|Any CPU.Build.0 = Release|Any CPU
		{1E49A27C-394A-4EEC-BF03-AAFB181AD837}.Release|x64.ActiveCfg = Release|Any CPU
		{1E49A27C-394A-4EEC-BF03-AAFB181AD837}.Release|x64.Build.0 = Release|Any CPU
		{1E49A27C-394A-4EEC-BF03-AAFB181AD837}.Release|x86.ActiveCfg = Release|Any CPU
		{1E49A27C-394A-4EEC-BF03-AAFB181AD837}.Release|x86.Build.0 = Release|Any CPU
		{2A0C9485-DF27-47A2-B8A6-803392BF5CE9}.Debug|Any CPU.ActiveCfg = Debug|Any CPU
		{2A0C9485-DF27-47A2-B8A6-803392BF5CE9}.Debug|Any CPU.Build.0 = Debug|Any CPU
		{2A0C9485-DF27-47A2-B8A6-803392BF5CE9}.Debug|x64.ActiveCfg = Debug|Any CPU
		{2A0C9485-DF27-47A2-B8A6-803392BF5CE9}.Debug|x64.Build.0 = Debug|Any CPU
		{2A0C9485-DF27-47A2-B8A6-803392BF5CE9}.Debug|x86.ActiveCfg = Debug|Any CPU
		{2A0C9485-DF27-47A2-B8A6-803392BF5CE9}.Debug|x86.Build.0 = Debug|Any CPU
		{2A0C9485-DF27-47A2-B8A6-803392BF5CE9}.Release|Any CPU.ActiveCfg = Release|Any CPU
		{2A0C9485-DF27-47A2-B8A6-803392BF5CE9}.Release|Any CPU.Build.0 = Release|Any CPU
		{2A0C9485-DF27-47A2-B8A6-803392BF5CE9}.Release|x64.ActiveCfg = Release|Any CPU
		{2A0C9485-DF27-47A2-B8A6-803392BF5CE9}.Release|x64.Build.0 = Release|Any CPU
		{2A0C9485-DF27-47A2-B8A6-803392BF5CE9}.Release|x86.ActiveCfg = Release|Any CPU
		{2A0C9485-DF27-47A2-B8A6-803392BF5CE9}.Release|x86.Build.0 = Release|Any CPU
		{3F8D5199-1A60-436D-B85D-34C2A0E513C4}.Debug|Any CPU.ActiveCfg = Debug|Any CPU
		{3F8D5199-1A60-436D-B85D-34C2A0E513C4}.Debug|Any CPU.Build.0 = Debug|Any CPU
		{3F8D5199-1A60-436D-B85D-34C2A0E513C4}.Debug|x64.ActiveCfg = Debug|Any CPU
		{3F8D5199-1A60-436D-B85D-34C2A0E513C4}.Debug|x64.Build.0 = Debug|Any CPU
		{3F8D5199-1A60-436D-B85D-34C2A0E513C4}.Debug|x86.ActiveCfg = Debug|Any CPU
		{3F8D5199-1A60-436D-B85D-34C2A0E513C4}.Debug|x86.Build.0 = Debug|Any CPU
		{3F8D5199-1A60-436D-B85D-34C2A0E513C4}.Release|Any CPU.ActiveCfg = Release|Any CPU
		{3F8D5199-1A60-436D-B85D-34C2A0E513C4}.Release|Any CPU.Build.0 = Release|Any CPU
		{3F8D5199-1A60-436D-B85D-34C2A0E513C4}.Release|x64.ActiveCfg = Release|Any CPU
		{3F8D5199-1A60-436D-B85D-34C2A0E513C4}.Release|x64.Build.0 = Release|Any CPU
		{3F8D5199-1A60-436D-B85D-34C2A0E513C4}.Release|x86.ActiveCfg = Release|Any CPU
		{3F8D5199-1A60-436D-B85D-34C2A0E513C4}.Release|x86.Build.0 = Release|Any CPU
		{8E1B3C91-6548-444D-ADF5-A1F2F1636D2D}.Debug|Any CPU.ActiveCfg = Debug|Any CPU
		{8E1B3C91-6548-444D-ADF5-A1F2F1636D2D}.Debug|Any CPU.Build.0 = Debug|Any CPU
		{8E1B3C91-6548-444D-ADF5-A1F2F1636D2D}.Debug|x64.ActiveCfg = Debug|Any CPU
		{8E1B3C91-6548-444D-ADF5-A1F2F1636D2D}.Debug|x64.Build.0 = Debug|Any CPU
		{8E1B3C91-6548-444D-ADF5-A1F2F1636D2D}.Debug|x86.ActiveCfg = Debug|Any CPU
		{8E1B3C91-6548-444D-ADF5-A1F2F1636D2D}.Debug|x86.Build.0 = Debug|Any CPU
		{8E1B3C91-6548-444D-ADF5-A1F2F1636D2D}.Release|Any CPU.ActiveCfg = Release|Any CPU
		{8E1B3C91-6548-444D-ADF5-A1F2F1636D2D}.Release|Any CPU.Build.0 = Release|Any CPU
		{8E1B3C91-6548-444D-ADF5-A1F2F1636D2D}.Release|x64.ActiveCfg = Release|Any CPU
		{8E1B3C91-6548-444D-ADF5-A1F2F1636D2D}.Release|x64.Build.0 = Release|Any CPU
		{8E1B3C91-6548-444D-ADF5-A1F2F1636D2D}.Release|x86.ActiveCfg = Release|Any CPU
		{8E1B3C91-6548-444D-ADF5-A1F2F1636D2D}.Release|x86.Build.0 = Release|Any CPU
		{60985D05-E306-471F-B8C4-4FE84EA87BCE}.Debug|Any CPU.ActiveCfg = Debug|Any CPU
		{60985D05-E306-471F-B8C4-4FE84EA87BCE}.Debug|Any CPU.Build.0 = Debug|Any CPU
		{60985D05-E306-471F-B8C4-4FE84EA87BCE}.Debug|x64.ActiveCfg = Debug|Any CPU
		{60985D05-E306-471F-B8C4-4FE84EA87BCE}.Debug|x64.Build.0 = Debug|Any CPU
		{60985D05-E306-471F-B8C4-4FE84EA87BCE}.Debug|x86.ActiveCfg = Debug|Any CPU
		{60985D05-E306-471F-B8C4-4FE84EA87BCE}.Debug|x86.Build.0 = Debug|Any CPU
		{60985D05-E306-471F-B8C4-4FE84EA87BCE}.Release|Any CPU.ActiveCfg = Release|Any CPU
		{60985D05-E306-471F-B8C4-4FE84EA87BCE}.Release|Any CPU.Build.0 = Release|Any CPU
		{60985D05-E306-471F-B8C4-4FE84EA87BCE}.Release|x64.ActiveCfg = Release|Any CPU
		{60985D05-E306-471F-B8C4-4FE84EA87BCE}.Release|x64.Build.0 = Release|Any CPU
		{60985D05-E306-471F-B8C4-4FE84EA87BCE}.Release|x86.ActiveCfg = Release|Any CPU
		{60985D05-E306-471F-B8C4-4FE84EA87BCE}.Release|x86.Build.0 = Release|Any CPU
		{27C02633-9E6D-4D4D-9764-67EDF7357316}.Debug|Any CPU.ActiveCfg = Debug|Any CPU
		{27C02633-9E6D-4D4D-9764-67EDF7357316}.Debug|Any CPU.Build.0 = Debug|Any CPU
		{27C02633-9E6D-4D4D-9764-67EDF7357316}.Debug|x64.ActiveCfg = Debug|Any CPU
		{27C02633-9E6D-4D4D-9764-67EDF7357316}.Debug|x64.Build.0 = Debug|Any CPU
		{27C02633-9E6D-4D4D-9764-67EDF7357316}.Debug|x86.ActiveCfg = Debug|Any CPU
		{27C02633-9E6D-4D4D-9764-67EDF7357316}.Debug|x86.Build.0 = Debug|Any CPU
		{27C02633-9E6D-4D4D-9764-67EDF7357316}.Release|Any CPU.ActiveCfg = Release|Any CPU
		{27C02633-9E6D-4D4D-9764-67EDF7357316}.Release|Any CPU.Build.0 = Release|Any CPU
		{27C02633-9E6D-4D4D-9764-67EDF7357316}.Release|x64.ActiveCfg = Release|Any CPU
		{27C02633-9E6D-4D4D-9764-67EDF7357316}.Release|x64.Build.0 = Release|Any CPU
		{27C02633-9E6D-4D4D-9764-67EDF7357316}.Release|x86.ActiveCfg = Release|Any CPU
		{27C02633-9E6D-4D4D-9764-67EDF7357316}.Release|x86.Build.0 = Release|Any CPU
		{9BD08930-7641-473B-B3CC-6442989F5352}.Debug|Any CPU.ActiveCfg = Debug|Any CPU
		{9BD08930-7641-473B-B3CC-6442989F5352}.Debug|Any CPU.Build.0 = Debug|Any CPU
		{9BD08930-7641-473B-B3CC-6442989F5352}.Debug|x64.ActiveCfg = Debug|Any CPU
		{9BD08930-7641-473B-B3CC-6442989F5352}.Debug|x64.Build.0 = Debug|Any CPU
		{9BD08930-7641-473B-B3CC-6442989F5352}.Debug|x86.ActiveCfg = Debug|Any CPU
		{9BD08930-7641-473B-B3CC-6442989F5352}.Debug|x86.Build.0 = Debug|Any CPU
		{9BD08930-7641-473B-B3CC-6442989F5352}.Release|Any CPU.ActiveCfg = Release|Any CPU
		{9BD08930-7641-473B-B3CC-6442989F5352}.Release|Any CPU.Build.0 = Release|Any CPU
		{9BD08930-7641-473B-B3CC-6442989F5352}.Release|x64.ActiveCfg = Release|Any CPU
		{9BD08930-7641-473B-B3CC-6442989F5352}.Release|x64.Build.0 = Release|Any CPU
		{9BD08930-7641-473B-B3CC-6442989F5352}.Release|x86.ActiveCfg = Release|Any CPU
		{9BD08930-7641-473B-B3CC-6442989F5352}.Release|x86.Build.0 = Release|Any CPU
		{D3277258-CE81-45BB-B387-66003B5723E7}.Debug|Any CPU.ActiveCfg = Debug|Any CPU
		{D3277258-CE81-45BB-B387-66003B5723E7}.Debug|Any CPU.Build.0 = Debug|Any CPU
		{D3277258-CE81-45BB-B387-66003B5723E7}.Debug|x64.ActiveCfg = Debug|Any CPU
		{D3277258-CE81-45BB-B387-66003B5723E7}.Debug|x64.Build.0 = Debug|Any CPU
		{D3277258-CE81-45BB-B387-66003B5723E7}.Debug|x86.ActiveCfg = Debug|Any CPU
		{D3277258-CE81-45BB-B387-66003B5723E7}.Debug|x86.Build.0 = Debug|Any CPU
		{D3277258-CE81-45BB-B387-66003B5723E7}.Release|Any CPU.ActiveCfg = Release|Any CPU
		{D3277258-CE81-45BB-B387-66003B5723E7}.Release|Any CPU.Build.0 = Release|Any CPU
		{D3277258-CE81-45BB-B387-66003B5723E7}.Release|x64.ActiveCfg = Release|Any CPU
		{D3277258-CE81-45BB-B387-66003B5723E7}.Release|x64.Build.0 = Release|Any CPU
		{D3277258-CE81-45BB-B387-66003B5723E7}.Release|x86.ActiveCfg = Release|Any CPU
		{D3277258-CE81-45BB-B387-66003B5723E7}.Release|x86.Build.0 = Release|Any CPU
		{B8CDFA6C-1A0E-4CDF-9CE3-052DE454F34E}.Debug|Any CPU.ActiveCfg = Debug|Any CPU
		{B8CDFA6C-1A0E-4CDF-9CE3-052DE454F34E}.Debug|Any CPU.Build.0 = Debug|Any CPU
		{B8CDFA6C-1A0E-4CDF-9CE3-052DE454F34E}.Debug|x64.ActiveCfg = Debug|Any CPU
		{B8CDFA6C-1A0E-4CDF-9CE3-052DE454F34E}.Debug|x64.Build.0 = Debug|Any CPU
		{B8CDFA6C-1A0E-4CDF-9CE3-052DE454F34E}.Debug|x86.ActiveCfg = Debug|Any CPU
		{B8CDFA6C-1A0E-4CDF-9CE3-052DE454F34E}.Debug|x86.Build.0 = Debug|Any CPU
		{B8CDFA6C-1A0E-4CDF-9CE3-052DE454F34E}.Release|Any CPU.ActiveCfg = Release|Any CPU
		{B8CDFA6C-1A0E-4CDF-9CE3-052DE454F34E}.Release|Any CPU.Build.0 = Release|Any CPU
		{B8CDFA6C-1A0E-4CDF-9CE3-052DE454F34E}.Release|x64.ActiveCfg = Release|Any CPU
		{B8CDFA6C-1A0E-4CDF-9CE3-052DE454F34E}.Release|x64.Build.0 = Release|Any CPU
		{B8CDFA6C-1A0E-4CDF-9CE3-052DE454F34E}.Release|x86.ActiveCfg = Release|Any CPU
		{B8CDFA6C-1A0E-4CDF-9CE3-052DE454F34E}.Release|x86.Build.0 = Release|Any CPU
		{5A8CAEA6-8418-420E-BAFD-70DB48356A6B}.Debug|Any CPU.ActiveCfg = Debug|Any CPU
		{5A8CAEA6-8418-420E-BAFD-70DB48356A6B}.Debug|Any CPU.Build.0 = Debug|Any CPU
		{5A8CAEA6-8418-420E-BAFD-70DB48356A6B}.Debug|x64.ActiveCfg = Debug|Any CPU
		{5A8CAEA6-8418-420E-BAFD-70DB48356A6B}.Debug|x64.Build.0 = Debug|Any CPU
		{5A8CAEA6-8418-420E-BAFD-70DB48356A6B}.Debug|x86.ActiveCfg = Debug|Any CPU
		{5A8CAEA6-8418-420E-BAFD-70DB48356A6B}.Debug|x86.Build.0 = Debug|Any CPU
		{5A8CAEA6-8418-420E-BAFD-70DB48356A6B}.Release|Any CPU.ActiveCfg = Release|Any CPU
		{5A8CAEA6-8418-420E-BAFD-70DB48356A6B}.Release|Any CPU.Build.0 = Release|Any CPU
		{5A8CAEA6-8418-420E-BAFD-70DB48356A6B}.Release|x64.ActiveCfg = Release|Any CPU
		{5A8CAEA6-8418-420E-BAFD-70DB48356A6B}.Release|x64.Build.0 = Release|Any CPU
		{5A8CAEA6-8418-420E-BAFD-70DB48356A6B}.Release|x86.ActiveCfg = Release|Any CPU
		{5A8CAEA6-8418-420E-BAFD-70DB48356A6B}.Release|x86.Build.0 = Release|Any CPU
		{67193EDE-2CA1-4981-8176-940E1196AA8E}.Debug|Any CPU.ActiveCfg = Debug|Any CPU
		{67193EDE-2CA1-4981-8176-940E1196AA8E}.Debug|Any CPU.Build.0 = Debug|Any CPU
		{67193EDE-2CA1-4981-8176-940E1196AA8E}.Debug|x64.ActiveCfg = Debug|Any CPU
		{67193EDE-2CA1-4981-8176-940E1196AA8E}.Debug|x64.Build.0 = Debug|Any CPU
		{67193EDE-2CA1-4981-8176-940E1196AA8E}.Debug|x86.ActiveCfg = Debug|Any CPU
		{67193EDE-2CA1-4981-8176-940E1196AA8E}.Debug|x86.Build.0 = Debug|Any CPU
		{67193EDE-2CA1-4981-8176-940E1196AA8E}.Release|Any CPU.ActiveCfg = Release|Any CPU
		{67193EDE-2CA1-4981-8176-940E1196AA8E}.Release|Any CPU.Build.0 = Release|Any CPU
		{67193EDE-2CA1-4981-8176-940E1196AA8E}.Release|x64.ActiveCfg = Release|Any CPU
		{67193EDE-2CA1-4981-8176-940E1196AA8E}.Release|x64.Build.0 = Release|Any CPU
		{67193EDE-2CA1-4981-8176-940E1196AA8E}.Release|x86.ActiveCfg = Release|Any CPU
		{67193EDE-2CA1-4981-8176-940E1196AA8E}.Release|x86.Build.0 = Release|Any CPU
		{5157301D-E110-4F86-8C31-9A95CDCDAEB7}.Debug|Any CPU.ActiveCfg = Debug|Any CPU
		{5157301D-E110-4F86-8C31-9A95CDCDAEB7}.Debug|Any CPU.Build.0 = Debug|Any CPU
		{5157301D-E110-4F86-8C31-9A95CDCDAEB7}.Debug|x64.ActiveCfg = Debug|Any CPU
		{5157301D-E110-4F86-8C31-9A95CDCDAEB7}.Debug|x64.Build.0 = Debug|Any CPU
		{5157301D-E110-4F86-8C31-9A95CDCDAEB7}.Debug|x86.ActiveCfg = Debug|Any CPU
		{5157301D-E110-4F86-8C31-9A95CDCDAEB7}.Debug|x86.Build.0 = Debug|Any CPU
		{5157301D-E110-4F86-8C31-9A95CDCDAEB7}.Release|Any CPU.ActiveCfg = Release|Any CPU
		{5157301D-E110-4F86-8C31-9A95CDCDAEB7}.Release|Any CPU.Build.0 = Release|Any CPU
		{5157301D-E110-4F86-8C31-9A95CDCDAEB7}.Release|x64.ActiveCfg = Release|Any CPU
		{5157301D-E110-4F86-8C31-9A95CDCDAEB7}.Release|x64.Build.0 = Release|Any CPU
		{5157301D-E110-4F86-8C31-9A95CDCDAEB7}.Release|x86.ActiveCfg = Release|Any CPU
		{5157301D-E110-4F86-8C31-9A95CDCDAEB7}.Release|x86.Build.0 = Release|Any CPU
		{5ADC9680-950F-4D77-BAF3-DE2C0E6350B0}.Debug|Any CPU.ActiveCfg = Debug|Any CPU
		{5ADC9680-950F-4D77-BAF3-DE2C0E6350B0}.Debug|Any CPU.Build.0 = Debug|Any CPU
		{5ADC9680-950F-4D77-BAF3-DE2C0E6350B0}.Debug|x64.ActiveCfg = Debug|Any CPU
		{5ADC9680-950F-4D77-BAF3-DE2C0E6350B0}.Debug|x64.Build.0 = Debug|Any CPU
		{5ADC9680-950F-4D77-BAF3-DE2C0E6350B0}.Debug|x86.ActiveCfg = Debug|Any CPU
		{5ADC9680-950F-4D77-BAF3-DE2C0E6350B0}.Debug|x86.Build.0 = Debug|Any CPU
		{5ADC9680-950F-4D77-BAF3-DE2C0E6350B0}.Release|Any CPU.ActiveCfg = Release|Any CPU
		{5ADC9680-950F-4D77-BAF3-DE2C0E6350B0}.Release|Any CPU.Build.0 = Release|Any CPU
		{5ADC9680-950F-4D77-BAF3-DE2C0E6350B0}.Release|x64.ActiveCfg = Release|Any CPU
		{5ADC9680-950F-4D77-BAF3-DE2C0E6350B0}.Release|x64.Build.0 = Release|Any CPU
		{5ADC9680-950F-4D77-BAF3-DE2C0E6350B0}.Release|x86.ActiveCfg = Release|Any CPU
		{5ADC9680-950F-4D77-BAF3-DE2C0E6350B0}.Release|x86.Build.0 = Release|Any CPU
		{4AE3E460-CDD4-4CDF-9C09-88C909C910B6}.Debug|Any CPU.ActiveCfg = Debug|Any CPU
		{4AE3E460-CDD4-4CDF-9C09-88C909C910B6}.Debug|Any CPU.Build.0 = Debug|Any CPU
		{4AE3E460-CDD4-4CDF-9C09-88C909C910B6}.Debug|x64.ActiveCfg = Debug|Any CPU
		{4AE3E460-CDD4-4CDF-9C09-88C909C910B6}.Debug|x64.Build.0 = Debug|Any CPU
		{4AE3E460-CDD4-4CDF-9C09-88C909C910B6}.Debug|x86.ActiveCfg = Debug|Any CPU
		{4AE3E460-CDD4-4CDF-9C09-88C909C910B6}.Debug|x86.Build.0 = Debug|Any CPU
		{4AE3E460-CDD4-4CDF-9C09-88C909C910B6}.Release|Any CPU.ActiveCfg = Release|Any CPU
		{4AE3E460-CDD4-4CDF-9C09-88C909C910B6}.Release|Any CPU.Build.0 = Release|Any CPU
		{4AE3E460-CDD4-4CDF-9C09-88C909C910B6}.Release|x64.ActiveCfg = Release|Any CPU
		{4AE3E460-CDD4-4CDF-9C09-88C909C910B6}.Release|x64.Build.0 = Release|Any CPU
		{4AE3E460-CDD4-4CDF-9C09-88C909C910B6}.Release|x86.ActiveCfg = Release|Any CPU
		{4AE3E460-CDD4-4CDF-9C09-88C909C910B6}.Release|x86.Build.0 = Release|Any CPU
		{F5BC8932-9052-45F7-A2DB-B18F230873C1}.Debug|Any CPU.ActiveCfg = Debug|Any CPU
		{F5BC8932-9052-45F7-A2DB-B18F230873C1}.Debug|Any CPU.Build.0 = Debug|Any CPU
		{F5BC8932-9052-45F7-A2DB-B18F230873C1}.Debug|x64.ActiveCfg = Debug|Any CPU
		{F5BC8932-9052-45F7-A2DB-B18F230873C1}.Debug|x64.Build.0 = Debug|Any CPU
		{F5BC8932-9052-45F7-A2DB-B18F230873C1}.Debug|x86.ActiveCfg = Debug|Any CPU
		{F5BC8932-9052-45F7-A2DB-B18F230873C1}.Debug|x86.Build.0 = Debug|Any CPU
		{F5BC8932-9052-45F7-A2DB-B18F230873C1}.Release|Any CPU.ActiveCfg = Release|Any CPU
		{F5BC8932-9052-45F7-A2DB-B18F230873C1}.Release|Any CPU.Build.0 = Release|Any CPU
		{F5BC8932-9052-45F7-A2DB-B18F230873C1}.Release|x64.ActiveCfg = Release|Any CPU
		{F5BC8932-9052-45F7-A2DB-B18F230873C1}.Release|x64.Build.0 = Release|Any CPU
		{F5BC8932-9052-45F7-A2DB-B18F230873C1}.Release|x86.ActiveCfg = Release|Any CPU
		{F5BC8932-9052-45F7-A2DB-B18F230873C1}.Release|x86.Build.0 = Release|Any CPU
		{15667BA0-6980-4BB2-87FF-A82FD9FD16C4}.Debug|Any CPU.ActiveCfg = Debug|Any CPU
		{15667BA0-6980-4BB2-87FF-A82FD9FD16C4}.Debug|Any CPU.Build.0 = Debug|Any CPU
		{15667BA0-6980-4BB2-87FF-A82FD9FD16C4}.Debug|x64.ActiveCfg = Debug|Any CPU
		{15667BA0-6980-4BB2-87FF-A82FD9FD16C4}.Debug|x64.Build.0 = Debug|Any CPU
		{15667BA0-6980-4BB2-87FF-A82FD9FD16C4}.Debug|x86.ActiveCfg = Debug|Any CPU
		{15667BA0-6980-4BB2-87FF-A82FD9FD16C4}.Debug|x86.Build.0 = Debug|Any CPU
		{15667BA0-6980-4BB2-87FF-A82FD9FD16C4}.Release|Any CPU.ActiveCfg = Release|Any CPU
		{15667BA0-6980-4BB2-87FF-A82FD9FD16C4}.Release|Any CPU.Build.0 = Release|Any CPU
		{15667BA0-6980-4BB2-87FF-A82FD9FD16C4}.Release|x64.ActiveCfg = Release|Any CPU
		{15667BA0-6980-4BB2-87FF-A82FD9FD16C4}.Release|x64.Build.0 = Release|Any CPU
		{15667BA0-6980-4BB2-87FF-A82FD9FD16C4}.Release|x86.ActiveCfg = Release|Any CPU
		{15667BA0-6980-4BB2-87FF-A82FD9FD16C4}.Release|x86.Build.0 = Release|Any CPU
		{47336FF4-3C59-450B-B93E-ADA9D38D12D6}.Debug|Any CPU.ActiveCfg = Debug|Any CPU
		{47336FF4-3C59-450B-B93E-ADA9D38D12D6}.Debug|Any CPU.Build.0 = Debug|Any CPU
		{47336FF4-3C59-450B-B93E-ADA9D38D12D6}.Debug|x64.ActiveCfg = Debug|Any CPU
		{47336FF4-3C59-450B-B93E-ADA9D38D12D6}.Debug|x64.Build.0 = Debug|Any CPU
		{47336FF4-3C59-450B-B93E-ADA9D38D12D6}.Debug|x86.ActiveCfg = Debug|Any CPU
		{47336FF4-3C59-450B-B93E-ADA9D38D12D6}.Debug|x86.Build.0 = Debug|Any CPU
		{47336FF4-3C59-450B-B93E-ADA9D38D12D6}.Release|Any CPU.ActiveCfg = Release|Any CPU
		{47336FF4-3C59-450B-B93E-ADA9D38D12D6}.Release|Any CPU.Build.0 = Release|Any CPU
		{47336FF4-3C59-450B-B93E-ADA9D38D12D6}.Release|x64.ActiveCfg = Release|Any CPU
		{47336FF4-3C59-450B-B93E-ADA9D38D12D6}.Release|x64.Build.0 = Release|Any CPU
		{47336FF4-3C59-450B-B93E-ADA9D38D12D6}.Release|x86.ActiveCfg = Release|Any CPU
		{47336FF4-3C59-450B-B93E-ADA9D38D12D6}.Release|x86.Build.0 = Release|Any CPU
		{3A9AE013-BCAB-4A87-88D5-B6A478DCCA70}.Debug|Any CPU.ActiveCfg = Debug|Any CPU
		{3A9AE013-BCAB-4A87-88D5-B6A478DCCA70}.Debug|Any CPU.Build.0 = Debug|Any CPU
		{3A9AE013-BCAB-4A87-88D5-B6A478DCCA70}.Debug|x64.ActiveCfg = Debug|Any CPU
		{3A9AE013-BCAB-4A87-88D5-B6A478DCCA70}.Debug|x64.Build.0 = Debug|Any CPU
		{3A9AE013-BCAB-4A87-88D5-B6A478DCCA70}.Debug|x86.ActiveCfg = Debug|Any CPU
		{3A9AE013-BCAB-4A87-88D5-B6A478DCCA70}.Debug|x86.Build.0 = Debug|Any CPU
		{3A9AE013-BCAB-4A87-88D5-B6A478DCCA70}.Release|Any CPU.ActiveCfg = Release|Any CPU
		{3A9AE013-BCAB-4A87-88D5-B6A478DCCA70}.Release|Any CPU.Build.0 = Release|Any CPU
		{3A9AE013-BCAB-4A87-88D5-B6A478DCCA70}.Release|x64.ActiveCfg = Release|Any CPU
		{3A9AE013-BCAB-4A87-88D5-B6A478DCCA70}.Release|x64.Build.0 = Release|Any CPU
		{3A9AE013-BCAB-4A87-88D5-B6A478DCCA70}.Release|x86.ActiveCfg = Release|Any CPU
		{3A9AE013-BCAB-4A87-88D5-B6A478DCCA70}.Release|x86.Build.0 = Release|Any CPU
		{3A3A3D45-3F01-419D-95AB-D76011F787B7}.Debug|Any CPU.ActiveCfg = Debug|Any CPU
		{3A3A3D45-3F01-419D-95AB-D76011F787B7}.Debug|Any CPU.Build.0 = Debug|Any CPU
		{3A3A3D45-3F01-419D-95AB-D76011F787B7}.Debug|x64.ActiveCfg = Debug|Any CPU
		{3A3A3D45-3F01-419D-95AB-D76011F787B7}.Debug|x64.Build.0 = Debug|Any CPU
		{3A3A3D45-3F01-419D-95AB-D76011F787B7}.Debug|x86.ActiveCfg = Debug|Any CPU
		{3A3A3D45-3F01-419D-95AB-D76011F787B7}.Debug|x86.Build.0 = Debug|Any CPU
		{3A3A3D45-3F01-419D-95AB-D76011F787B7}.Release|Any CPU.ActiveCfg = Release|Any CPU
		{3A3A3D45-3F01-419D-95AB-D76011F787B7}.Release|Any CPU.Build.0 = Release|Any CPU
		{3A3A3D45-3F01-419D-95AB-D76011F787B7}.Release|x64.ActiveCfg = Release|Any CPU
		{3A3A3D45-3F01-419D-95AB-D76011F787B7}.Release|x64.Build.0 = Release|Any CPU
		{3A3A3D45-3F01-419D-95AB-D76011F787B7}.Release|x86.ActiveCfg = Release|Any CPU
		{3A3A3D45-3F01-419D-95AB-D76011F787B7}.Release|x86.Build.0 = Release|Any CPU
		{22C81AD5-E0A5-483D-B0CD-0584AC33EEC1}.Debug|Any CPU.ActiveCfg = Debug|Any CPU
		{22C81AD5-E0A5-483D-B0CD-0584AC33EEC1}.Debug|Any CPU.Build.0 = Debug|Any CPU
		{22C81AD5-E0A5-483D-B0CD-0584AC33EEC1}.Debug|x64.ActiveCfg = Debug|Any CPU
		{22C81AD5-E0A5-483D-B0CD-0584AC33EEC1}.Debug|x64.Build.0 = Debug|Any CPU
		{22C81AD5-E0A5-483D-B0CD-0584AC33EEC1}.Debug|x86.ActiveCfg = Debug|Any CPU
		{22C81AD5-E0A5-483D-B0CD-0584AC33EEC1}.Debug|x86.Build.0 = Debug|Any CPU
		{22C81AD5-E0A5-483D-B0CD-0584AC33EEC1}.Release|Any CPU.ActiveCfg = Release|Any CPU
		{22C81AD5-E0A5-483D-B0CD-0584AC33EEC1}.Release|Any CPU.Build.0 = Release|Any CPU
		{22C81AD5-E0A5-483D-B0CD-0584AC33EEC1}.Release|x64.ActiveCfg = Release|Any CPU
		{22C81AD5-E0A5-483D-B0CD-0584AC33EEC1}.Release|x64.Build.0 = Release|Any CPU
		{22C81AD5-E0A5-483D-B0CD-0584AC33EEC1}.Release|x86.ActiveCfg = Release|Any CPU
		{22C81AD5-E0A5-483D-B0CD-0584AC33EEC1}.Release|x86.Build.0 = Release|Any CPU
		{D7B67B86-2E39-4281-9F3B-224235242DDB}.Debug|Any CPU.ActiveCfg = Debug|Any CPU
		{D7B67B86-2E39-4281-9F3B-224235242DDB}.Debug|Any CPU.Build.0 = Debug|Any CPU
		{D7B67B86-2E39-4281-9F3B-224235242DDB}.Debug|x64.ActiveCfg = Debug|Any CPU
		{D7B67B86-2E39-4281-9F3B-224235242DDB}.Debug|x64.Build.0 = Debug|Any CPU
		{D7B67B86-2E39-4281-9F3B-224235242DDB}.Debug|x86.ActiveCfg = Debug|Any CPU
		{D7B67B86-2E39-4281-9F3B-224235242DDB}.Debug|x86.Build.0 = Debug|Any CPU
		{D7B67B86-2E39-4281-9F3B-224235242DDB}.Release|Any CPU.ActiveCfg = Release|Any CPU
		{D7B67B86-2E39-4281-9F3B-224235242DDB}.Release|Any CPU.Build.0 = Release|Any CPU
		{D7B67B86-2E39-4281-9F3B-224235242DDB}.Release|x64.ActiveCfg = Release|Any CPU
		{D7B67B86-2E39-4281-9F3B-224235242DDB}.Release|x64.Build.0 = Release|Any CPU
		{D7B67B86-2E39-4281-9F3B-224235242DDB}.Release|x86.ActiveCfg = Release|Any CPU
		{D7B67B86-2E39-4281-9F3B-224235242DDB}.Release|x86.Build.0 = Release|Any CPU
		{A194A602-CF28-4E18-906C-B603D15A1FDB}.Debug|Any CPU.ActiveCfg = Debug|Any CPU
		{A194A602-CF28-4E18-906C-B603D15A1FDB}.Debug|Any CPU.Build.0 = Debug|Any CPU
		{A194A602-CF28-4E18-906C-B603D15A1FDB}.Debug|x64.ActiveCfg = Debug|Any CPU
		{A194A602-CF28-4E18-906C-B603D15A1FDB}.Debug|x64.Build.0 = Debug|Any CPU
		{A194A602-CF28-4E18-906C-B603D15A1FDB}.Debug|x86.ActiveCfg = Debug|Any CPU
		{A194A602-CF28-4E18-906C-B603D15A1FDB}.Debug|x86.Build.0 = Debug|Any CPU
		{A194A602-CF28-4E18-906C-B603D15A1FDB}.Release|Any CPU.ActiveCfg = Release|Any CPU
		{A194A602-CF28-4E18-906C-B603D15A1FDB}.Release|Any CPU.Build.0 = Release|Any CPU
		{A194A602-CF28-4E18-906C-B603D15A1FDB}.Release|x64.ActiveCfg = Release|Any CPU
		{A194A602-CF28-4E18-906C-B603D15A1FDB}.Release|x64.Build.0 = Release|Any CPU
		{A194A602-CF28-4E18-906C-B603D15A1FDB}.Release|x86.ActiveCfg = Release|Any CPU
		{A194A602-CF28-4E18-906C-B603D15A1FDB}.Release|x86.Build.0 = Release|Any CPU
		{D34C73F0-8489-406C-A947-7E0F624582E8}.Debug|Any CPU.ActiveCfg = Debug|Any CPU
		{D34C73F0-8489-406C-A947-7E0F624582E8}.Debug|Any CPU.Build.0 = Debug|Any CPU
		{D34C73F0-8489-406C-A947-7E0F624582E8}.Debug|x64.ActiveCfg = Debug|Any CPU
		{D34C73F0-8489-406C-A947-7E0F624582E8}.Debug|x64.Build.0 = Debug|Any CPU
		{D34C73F0-8489-406C-A947-7E0F624582E8}.Debug|x86.ActiveCfg = Debug|Any CPU
		{D34C73F0-8489-406C-A947-7E0F624582E8}.Debug|x86.Build.0 = Debug|Any CPU
		{D34C73F0-8489-406C-A947-7E0F624582E8}.Release|Any CPU.ActiveCfg = Release|Any CPU
		{D34C73F0-8489-406C-A947-7E0F624582E8}.Release|Any CPU.Build.0 = Release|Any CPU
		{D34C73F0-8489-406C-A947-7E0F624582E8}.Release|x64.ActiveCfg = Release|Any CPU
		{D34C73F0-8489-406C-A947-7E0F624582E8}.Release|x64.Build.0 = Release|Any CPU
		{D34C73F0-8489-406C-A947-7E0F624582E8}.Release|x86.ActiveCfg = Release|Any CPU
		{D34C73F0-8489-406C-A947-7E0F624582E8}.Release|x86.Build.0 = Release|Any CPU
		{0B5227BA-A8E6-4F65-9DEC-691A1AACB51E}.Debug|Any CPU.ActiveCfg = Debug|Any CPU
		{0B5227BA-A8E6-4F65-9DEC-691A1AACB51E}.Debug|Any CPU.Build.0 = Debug|Any CPU
		{0B5227BA-A8E6-4F65-9DEC-691A1AACB51E}.Debug|x64.ActiveCfg = Debug|Any CPU
		{0B5227BA-A8E6-4F65-9DEC-691A1AACB51E}.Debug|x64.Build.0 = Debug|Any CPU
		{0B5227BA-A8E6-4F65-9DEC-691A1AACB51E}.Debug|x86.ActiveCfg = Debug|Any CPU
		{0B5227BA-A8E6-4F65-9DEC-691A1AACB51E}.Debug|x86.Build.0 = Debug|Any CPU
		{0B5227BA-A8E6-4F65-9DEC-691A1AACB51E}.Release|Any CPU.ActiveCfg = Release|Any CPU
		{0B5227BA-A8E6-4F65-9DEC-691A1AACB51E}.Release|Any CPU.Build.0 = Release|Any CPU
		{0B5227BA-A8E6-4F65-9DEC-691A1AACB51E}.Release|x64.ActiveCfg = Release|Any CPU
		{0B5227BA-A8E6-4F65-9DEC-691A1AACB51E}.Release|x64.Build.0 = Release|Any CPU
		{0B5227BA-A8E6-4F65-9DEC-691A1AACB51E}.Release|x86.ActiveCfg = Release|Any CPU
		{0B5227BA-A8E6-4F65-9DEC-691A1AACB51E}.Release|x86.Build.0 = Release|Any CPU
		{5A490595-37C9-4EF2-BF41-1AA67CAD22A7}.Debug|Any CPU.ActiveCfg = Debug|Any CPU
		{5A490595-37C9-4EF2-BF41-1AA67CAD22A7}.Debug|Any CPU.Build.0 = Debug|Any CPU
		{5A490595-37C9-4EF2-BF41-1AA67CAD22A7}.Debug|x64.ActiveCfg = Debug|Any CPU
		{5A490595-37C9-4EF2-BF41-1AA67CAD22A7}.Debug|x64.Build.0 = Debug|Any CPU
		{5A490595-37C9-4EF2-BF41-1AA67CAD22A7}.Debug|x86.ActiveCfg = Debug|Any CPU
		{5A490595-37C9-4EF2-BF41-1AA67CAD22A7}.Debug|x86.Build.0 = Debug|Any CPU
		{5A490595-37C9-4EF2-BF41-1AA67CAD22A7}.Release|Any CPU.ActiveCfg = Release|Any CPU
		{5A490595-37C9-4EF2-BF41-1AA67CAD22A7}.Release|Any CPU.Build.0 = Release|Any CPU
		{5A490595-37C9-4EF2-BF41-1AA67CAD22A7}.Release|x64.ActiveCfg = Release|Any CPU
		{5A490595-37C9-4EF2-BF41-1AA67CAD22A7}.Release|x64.Build.0 = Release|Any CPU
		{5A490595-37C9-4EF2-BF41-1AA67CAD22A7}.Release|x86.ActiveCfg = Release|Any CPU
		{5A490595-37C9-4EF2-BF41-1AA67CAD22A7}.Release|x86.Build.0 = Release|Any CPU
		{042601D7-D2C2-4144-876C-4E78D4ED7A1F}.Debug|Any CPU.ActiveCfg = Debug|Any CPU
		{042601D7-D2C2-4144-876C-4E78D4ED7A1F}.Debug|Any CPU.Build.0 = Debug|Any CPU
		{042601D7-D2C2-4144-876C-4E78D4ED7A1F}.Debug|x64.ActiveCfg = Debug|Any CPU
		{042601D7-D2C2-4144-876C-4E78D4ED7A1F}.Debug|x64.Build.0 = Debug|Any CPU
		{042601D7-D2C2-4144-876C-4E78D4ED7A1F}.Debug|x86.ActiveCfg = Debug|Any CPU
		{042601D7-D2C2-4144-876C-4E78D4ED7A1F}.Debug|x86.Build.0 = Debug|Any CPU
		{042601D7-D2C2-4144-876C-4E78D4ED7A1F}.Release|Any CPU.ActiveCfg = Release|Any CPU
		{042601D7-D2C2-4144-876C-4E78D4ED7A1F}.Release|Any CPU.Build.0 = Release|Any CPU
		{042601D7-D2C2-4144-876C-4E78D4ED7A1F}.Release|x64.ActiveCfg = Release|Any CPU
		{042601D7-D2C2-4144-876C-4E78D4ED7A1F}.Release|x64.Build.0 = Release|Any CPU
		{042601D7-D2C2-4144-876C-4E78D4ED7A1F}.Release|x86.ActiveCfg = Release|Any CPU
		{042601D7-D2C2-4144-876C-4E78D4ED7A1F}.Release|x86.Build.0 = Release|Any CPU
		{21CEED81-B151-45C6-9C97-8882E29A05DD}.Debug|Any CPU.ActiveCfg = Debug|Any CPU
		{21CEED81-B151-45C6-9C97-8882E29A05DD}.Debug|Any CPU.Build.0 = Debug|Any CPU
		{21CEED81-B151-45C6-9C97-8882E29A05DD}.Debug|x64.ActiveCfg = Debug|Any CPU
		{21CEED81-B151-45C6-9C97-8882E29A05DD}.Debug|x64.Build.0 = Debug|Any CPU
		{21CEED81-B151-45C6-9C97-8882E29A05DD}.Debug|x86.ActiveCfg = Debug|Any CPU
		{21CEED81-B151-45C6-9C97-8882E29A05DD}.Debug|x86.Build.0 = Debug|Any CPU
		{21CEED81-B151-45C6-9C97-8882E29A05DD}.Release|Any CPU.ActiveCfg = Release|Any CPU
		{21CEED81-B151-45C6-9C97-8882E29A05DD}.Release|Any CPU.Build.0 = Release|Any CPU
		{21CEED81-B151-45C6-9C97-8882E29A05DD}.Release|x64.ActiveCfg = Release|Any CPU
		{21CEED81-B151-45C6-9C97-8882E29A05DD}.Release|x64.Build.0 = Release|Any CPU
		{21CEED81-B151-45C6-9C97-8882E29A05DD}.Release|x86.ActiveCfg = Release|Any CPU
		{21CEED81-B151-45C6-9C97-8882E29A05DD}.Release|x86.Build.0 = Release|Any CPU
		{91263356-AA4E-4D61-87A7-D9A2E1EE85F5}.Debug|Any CPU.ActiveCfg = Debug|Any CPU
		{91263356-AA4E-4D61-87A7-D9A2E1EE85F5}.Debug|Any CPU.Build.0 = Debug|Any CPU
		{91263356-AA4E-4D61-87A7-D9A2E1EE85F5}.Debug|x64.ActiveCfg = Debug|Any CPU
		{91263356-AA4E-4D61-87A7-D9A2E1EE85F5}.Debug|x64.Build.0 = Debug|Any CPU
		{91263356-AA4E-4D61-87A7-D9A2E1EE85F5}.Debug|x86.ActiveCfg = Debug|Any CPU
		{91263356-AA4E-4D61-87A7-D9A2E1EE85F5}.Debug|x86.Build.0 = Debug|Any CPU
		{91263356-AA4E-4D61-87A7-D9A2E1EE85F5}.Release|Any CPU.ActiveCfg = Release|Any CPU
		{91263356-AA4E-4D61-87A7-D9A2E1EE85F5}.Release|Any CPU.Build.0 = Release|Any CPU
		{91263356-AA4E-4D61-87A7-D9A2E1EE85F5}.Release|x64.ActiveCfg = Release|Any CPU
		{91263356-AA4E-4D61-87A7-D9A2E1EE85F5}.Release|x64.Build.0 = Release|Any CPU
		{91263356-AA4E-4D61-87A7-D9A2E1EE85F5}.Release|x86.ActiveCfg = Release|Any CPU
		{91263356-AA4E-4D61-87A7-D9A2E1EE85F5}.Release|x86.Build.0 = Release|Any CPU
		{DC0CA552-2B5C-43AD-8A99-372A4CDB6596}.Debug|Any CPU.ActiveCfg = Debug|Any CPU
		{DC0CA552-2B5C-43AD-8A99-372A4CDB6596}.Debug|Any CPU.Build.0 = Debug|Any CPU
		{DC0CA552-2B5C-43AD-8A99-372A4CDB6596}.Debug|x64.ActiveCfg = Debug|Any CPU
		{DC0CA552-2B5C-43AD-8A99-372A4CDB6596}.Debug|x64.Build.0 = Debug|Any CPU
		{DC0CA552-2B5C-43AD-8A99-372A4CDB6596}.Debug|x86.ActiveCfg = Debug|Any CPU
		{DC0CA552-2B5C-43AD-8A99-372A4CDB6596}.Debug|x86.Build.0 = Debug|Any CPU
		{DC0CA552-2B5C-43AD-8A99-372A4CDB6596}.Release|Any CPU.ActiveCfg = Release|Any CPU
		{DC0CA552-2B5C-43AD-8A99-372A4CDB6596}.Release|Any CPU.Build.0 = Release|Any CPU
		{DC0CA552-2B5C-43AD-8A99-372A4CDB6596}.Release|x64.ActiveCfg = Release|Any CPU
		{DC0CA552-2B5C-43AD-8A99-372A4CDB6596}.Release|x64.Build.0 = Release|Any CPU
		{DC0CA552-2B5C-43AD-8A99-372A4CDB6596}.Release|x86.ActiveCfg = Release|Any CPU
		{DC0CA552-2B5C-43AD-8A99-372A4CDB6596}.Release|x86.Build.0 = Release|Any CPU
		{BF49216D-CAFB-4D1D-BE1B-E5D5D26FD508}.Debug|Any CPU.ActiveCfg = Debug|Any CPU
		{BF49216D-CAFB-4D1D-BE1B-E5D5D26FD508}.Debug|Any CPU.Build.0 = Debug|Any CPU
		{BF49216D-CAFB-4D1D-BE1B-E5D5D26FD508}.Debug|x64.ActiveCfg = Debug|Any CPU
		{BF49216D-CAFB-4D1D-BE1B-E5D5D26FD508}.Debug|x64.Build.0 = Debug|Any CPU
		{BF49216D-CAFB-4D1D-BE1B-E5D5D26FD508}.Debug|x86.ActiveCfg = Debug|Any CPU
		{BF49216D-CAFB-4D1D-BE1B-E5D5D26FD508}.Debug|x86.Build.0 = Debug|Any CPU
		{BF49216D-CAFB-4D1D-BE1B-E5D5D26FD508}.Release|Any CPU.ActiveCfg = Release|Any CPU
		{BF49216D-CAFB-4D1D-BE1B-E5D5D26FD508}.Release|Any CPU.Build.0 = Release|Any CPU
		{BF49216D-CAFB-4D1D-BE1B-E5D5D26FD508}.Release|x64.ActiveCfg = Release|Any CPU
		{BF49216D-CAFB-4D1D-BE1B-E5D5D26FD508}.Release|x64.Build.0 = Release|Any CPU
		{BF49216D-CAFB-4D1D-BE1B-E5D5D26FD508}.Release|x86.ActiveCfg = Release|Any CPU
		{BF49216D-CAFB-4D1D-BE1B-E5D5D26FD508}.Release|x86.Build.0 = Release|Any CPU
		{71862AD9-9823-4C09-9D50-E6D14CB7EAAB}.Debug|Any CPU.ActiveCfg = Debug|Any CPU
		{71862AD9-9823-4C09-9D50-E6D14CB7EAAB}.Debug|Any CPU.Build.0 = Debug|Any CPU
		{71862AD9-9823-4C09-9D50-E6D14CB7EAAB}.Debug|x64.ActiveCfg = Debug|Any CPU
		{71862AD9-9823-4C09-9D50-E6D14CB7EAAB}.Debug|x64.Build.0 = Debug|Any CPU
		{71862AD9-9823-4C09-9D50-E6D14CB7EAAB}.Debug|x86.ActiveCfg = Debug|Any CPU
		{71862AD9-9823-4C09-9D50-E6D14CB7EAAB}.Debug|x86.Build.0 = Debug|Any CPU
		{71862AD9-9823-4C09-9D50-E6D14CB7EAAB}.Release|Any CPU.ActiveCfg = Release|Any CPU
		{71862AD9-9823-4C09-9D50-E6D14CB7EAAB}.Release|Any CPU.Build.0 = Release|Any CPU
		{71862AD9-9823-4C09-9D50-E6D14CB7EAAB}.Release|x64.ActiveCfg = Release|Any CPU
		{71862AD9-9823-4C09-9D50-E6D14CB7EAAB}.Release|x64.Build.0 = Release|Any CPU
		{71862AD9-9823-4C09-9D50-E6D14CB7EAAB}.Release|x86.ActiveCfg = Release|Any CPU
		{71862AD9-9823-4C09-9D50-E6D14CB7EAAB}.Release|x86.Build.0 = Release|Any CPU
		{C1390DAB-98DA-4387-AD41-59217147BD07}.Debug|Any CPU.ActiveCfg = Debug|Any CPU
		{C1390DAB-98DA-4387-AD41-59217147BD07}.Debug|Any CPU.Build.0 = Debug|Any CPU
		{C1390DAB-98DA-4387-AD41-59217147BD07}.Debug|x64.ActiveCfg = Debug|Any CPU
		{C1390DAB-98DA-4387-AD41-59217147BD07}.Debug|x64.Build.0 = Debug|Any CPU
		{C1390DAB-98DA-4387-AD41-59217147BD07}.Debug|x86.ActiveCfg = Debug|Any CPU
		{C1390DAB-98DA-4387-AD41-59217147BD07}.Debug|x86.Build.0 = Debug|Any CPU
		{C1390DAB-98DA-4387-AD41-59217147BD07}.Release|Any CPU.ActiveCfg = Release|Any CPU
		{C1390DAB-98DA-4387-AD41-59217147BD07}.Release|Any CPU.Build.0 = Release|Any CPU
		{C1390DAB-98DA-4387-AD41-59217147BD07}.Release|x64.ActiveCfg = Release|Any CPU
		{C1390DAB-98DA-4387-AD41-59217147BD07}.Release|x64.Build.0 = Release|Any CPU
		{C1390DAB-98DA-4387-AD41-59217147BD07}.Release|x86.ActiveCfg = Release|Any CPU
		{C1390DAB-98DA-4387-AD41-59217147BD07}.Release|x86.Build.0 = Release|Any CPU
		{0FA32E76-E6F8-449F-B430-5CCF195FECC8}.Debug|Any CPU.ActiveCfg = Debug|Any CPU
		{0FA32E76-E6F8-449F-B430-5CCF195FECC8}.Debug|Any CPU.Build.0 = Debug|Any CPU
		{0FA32E76-E6F8-449F-B430-5CCF195FECC8}.Debug|x64.ActiveCfg = Debug|Any CPU
		{0FA32E76-E6F8-449F-B430-5CCF195FECC8}.Debug|x64.Build.0 = Debug|Any CPU
		{0FA32E76-E6F8-449F-B430-5CCF195FECC8}.Debug|x86.ActiveCfg = Debug|Any CPU
		{0FA32E76-E6F8-449F-B430-5CCF195FECC8}.Debug|x86.Build.0 = Debug|Any CPU
		{0FA32E76-E6F8-449F-B430-5CCF195FECC8}.Release|Any CPU.ActiveCfg = Release|Any CPU
		{0FA32E76-E6F8-449F-B430-5CCF195FECC8}.Release|Any CPU.Build.0 = Release|Any CPU
		{0FA32E76-E6F8-449F-B430-5CCF195FECC8}.Release|x64.ActiveCfg = Release|Any CPU
		{0FA32E76-E6F8-449F-B430-5CCF195FECC8}.Release|x64.Build.0 = Release|Any CPU
		{0FA32E76-E6F8-449F-B430-5CCF195FECC8}.Release|x86.ActiveCfg = Release|Any CPU
		{0FA32E76-E6F8-449F-B430-5CCF195FECC8}.Release|x86.Build.0 = Release|Any CPU
		{1803B7AE-A67F-4C6F-A851-98CF88A21A14}.Debug|Any CPU.ActiveCfg = Debug|Any CPU
		{1803B7AE-A67F-4C6F-A851-98CF88A21A14}.Debug|Any CPU.Build.0 = Debug|Any CPU
		{1803B7AE-A67F-4C6F-A851-98CF88A21A14}.Debug|x64.ActiveCfg = Debug|Any CPU
		{1803B7AE-A67F-4C6F-A851-98CF88A21A14}.Debug|x64.Build.0 = Debug|Any CPU
		{1803B7AE-A67F-4C6F-A851-98CF88A21A14}.Debug|x86.ActiveCfg = Debug|Any CPU
		{1803B7AE-A67F-4C6F-A851-98CF88A21A14}.Debug|x86.Build.0 = Debug|Any CPU
		{1803B7AE-A67F-4C6F-A851-98CF88A21A14}.Release|Any CPU.ActiveCfg = Release|Any CPU
		{1803B7AE-A67F-4C6F-A851-98CF88A21A14}.Release|Any CPU.Build.0 = Release|Any CPU
		{1803B7AE-A67F-4C6F-A851-98CF88A21A14}.Release|x64.ActiveCfg = Release|Any CPU
		{1803B7AE-A67F-4C6F-A851-98CF88A21A14}.Release|x64.Build.0 = Release|Any CPU
		{1803B7AE-A67F-4C6F-A851-98CF88A21A14}.Release|x86.ActiveCfg = Release|Any CPU
		{1803B7AE-A67F-4C6F-A851-98CF88A21A14}.Release|x86.Build.0 = Release|Any CPU
		{D5A1F1F8-E27C-4924-B674-D6C7609D3E79}.Debug|Any CPU.ActiveCfg = Debug|Any CPU
		{D5A1F1F8-E27C-4924-B674-D6C7609D3E79}.Debug|Any CPU.Build.0 = Debug|Any CPU
		{D5A1F1F8-E27C-4924-B674-D6C7609D3E79}.Debug|x64.ActiveCfg = Debug|Any CPU
		{D5A1F1F8-E27C-4924-B674-D6C7609D3E79}.Debug|x64.Build.0 = Debug|Any CPU
		{D5A1F1F8-E27C-4924-B674-D6C7609D3E79}.Debug|x86.ActiveCfg = Debug|Any CPU
		{D5A1F1F8-E27C-4924-B674-D6C7609D3E79}.Debug|x86.Build.0 = Debug|Any CPU
		{D5A1F1F8-E27C-4924-B674-D6C7609D3E79}.Release|Any CPU.ActiveCfg = Release|Any CPU
		{D5A1F1F8-E27C-4924-B674-D6C7609D3E79}.Release|Any CPU.Build.0 = Release|Any CPU
		{D5A1F1F8-E27C-4924-B674-D6C7609D3E79}.Release|x64.ActiveCfg = Release|Any CPU
		{D5A1F1F8-E27C-4924-B674-D6C7609D3E79}.Release|x64.Build.0 = Release|Any CPU
		{D5A1F1F8-E27C-4924-B674-D6C7609D3E79}.Release|x86.ActiveCfg = Release|Any CPU
		{D5A1F1F8-E27C-4924-B674-D6C7609D3E79}.Release|x86.Build.0 = Release|Any CPU
		{E376AA42-2A69-41F7-9B51-D0C57A360257}.Debug|Any CPU.ActiveCfg = Debug|Any CPU
		{E376AA42-2A69-41F7-9B51-D0C57A360257}.Debug|Any CPU.Build.0 = Debug|Any CPU
		{E376AA42-2A69-41F7-9B51-D0C57A360257}.Debug|x64.ActiveCfg = Debug|Any CPU
		{E376AA42-2A69-41F7-9B51-D0C57A360257}.Debug|x64.Build.0 = Debug|Any CPU
		{E376AA42-2A69-41F7-9B51-D0C57A360257}.Debug|x86.ActiveCfg = Debug|Any CPU
		{E376AA42-2A69-41F7-9B51-D0C57A360257}.Debug|x86.Build.0 = Debug|Any CPU
		{E376AA42-2A69-41F7-9B51-D0C57A360257}.Release|Any CPU.ActiveCfg = Release|Any CPU
		{E376AA42-2A69-41F7-9B51-D0C57A360257}.Release|Any CPU.Build.0 = Release|Any CPU
		{E376AA42-2A69-41F7-9B51-D0C57A360257}.Release|x64.ActiveCfg = Release|Any CPU
		{E376AA42-2A69-41F7-9B51-D0C57A360257}.Release|x64.Build.0 = Release|Any CPU
		{E376AA42-2A69-41F7-9B51-D0C57A360257}.Release|x86.ActiveCfg = Release|Any CPU
		{E376AA42-2A69-41F7-9B51-D0C57A360257}.Release|x86.Build.0 = Release|Any CPU
		{FD619716-0372-4E98-AB6E-3FF1229BB23C}.Debug|Any CPU.ActiveCfg = Debug|Any CPU
		{FD619716-0372-4E98-AB6E-3FF1229BB23C}.Debug|Any CPU.Build.0 = Debug|Any CPU
		{FD619716-0372-4E98-AB6E-3FF1229BB23C}.Debug|x64.ActiveCfg = Debug|Any CPU
		{FD619716-0372-4E98-AB6E-3FF1229BB23C}.Debug|x64.Build.0 = Debug|Any CPU
		{FD619716-0372-4E98-AB6E-3FF1229BB23C}.Debug|x86.ActiveCfg = Debug|Any CPU
		{FD619716-0372-4E98-AB6E-3FF1229BB23C}.Debug|x86.Build.0 = Debug|Any CPU
		{FD619716-0372-4E98-AB6E-3FF1229BB23C}.Release|Any CPU.ActiveCfg = Release|Any CPU
		{FD619716-0372-4E98-AB6E-3FF1229BB23C}.Release|Any CPU.Build.0 = Release|Any CPU
		{FD619716-0372-4E98-AB6E-3FF1229BB23C}.Release|x64.ActiveCfg = Release|Any CPU
		{FD619716-0372-4E98-AB6E-3FF1229BB23C}.Release|x64.Build.0 = Release|Any CPU
		{FD619716-0372-4E98-AB6E-3FF1229BB23C}.Release|x86.ActiveCfg = Release|Any CPU
		{FD619716-0372-4E98-AB6E-3FF1229BB23C}.Release|x86.Build.0 = Release|Any CPU
		{86D7D824-281C-469C-B2D1-BAB9D65912CD}.Debug|Any CPU.ActiveCfg = Debug|Any CPU
		{86D7D824-281C-469C-B2D1-BAB9D65912CD}.Debug|Any CPU.Build.0 = Debug|Any CPU
		{86D7D824-281C-469C-B2D1-BAB9D65912CD}.Debug|x64.ActiveCfg = Debug|Any CPU
		{86D7D824-281C-469C-B2D1-BAB9D65912CD}.Debug|x64.Build.0 = Debug|Any CPU
		{86D7D824-281C-469C-B2D1-BAB9D65912CD}.Debug|x86.ActiveCfg = Debug|Any CPU
		{86D7D824-281C-469C-B2D1-BAB9D65912CD}.Debug|x86.Build.0 = Debug|Any CPU
		{86D7D824-281C-469C-B2D1-BAB9D65912CD}.Release|Any CPU.ActiveCfg = Release|Any CPU
		{86D7D824-281C-469C-B2D1-BAB9D65912CD}.Release|Any CPU.Build.0 = Release|Any CPU
		{86D7D824-281C-469C-B2D1-BAB9D65912CD}.Release|x64.ActiveCfg = Release|Any CPU
		{86D7D824-281C-469C-B2D1-BAB9D65912CD}.Release|x64.Build.0 = Release|Any CPU
		{86D7D824-281C-469C-B2D1-BAB9D65912CD}.Release|x86.ActiveCfg = Release|Any CPU
		{86D7D824-281C-469C-B2D1-BAB9D65912CD}.Release|x86.Build.0 = Release|Any CPU
		{7C2A1B4F-3901-46AB-B7A1-0A6B52905A74}.Debug|Any CPU.ActiveCfg = Debug|Any CPU
		{7C2A1B4F-3901-46AB-B7A1-0A6B52905A74}.Debug|Any CPU.Build.0 = Debug|Any CPU
		{7C2A1B4F-3901-46AB-B7A1-0A6B52905A74}.Debug|x64.ActiveCfg = Debug|Any CPU
		{7C2A1B4F-3901-46AB-B7A1-0A6B52905A74}.Debug|x64.Build.0 = Debug|Any CPU
		{7C2A1B4F-3901-46AB-B7A1-0A6B52905A74}.Debug|x86.ActiveCfg = Debug|Any CPU
		{7C2A1B4F-3901-46AB-B7A1-0A6B52905A74}.Debug|x86.Build.0 = Debug|Any CPU
		{7C2A1B4F-3901-46AB-B7A1-0A6B52905A74}.Release|Any CPU.ActiveCfg = Release|Any CPU
		{7C2A1B4F-3901-46AB-B7A1-0A6B52905A74}.Release|Any CPU.Build.0 = Release|Any CPU
		{7C2A1B4F-3901-46AB-B7A1-0A6B52905A74}.Release|x64.ActiveCfg = Release|Any CPU
		{7C2A1B4F-3901-46AB-B7A1-0A6B52905A74}.Release|x64.Build.0 = Release|Any CPU
		{7C2A1B4F-3901-46AB-B7A1-0A6B52905A74}.Release|x86.ActiveCfg = Release|Any CPU
		{7C2A1B4F-3901-46AB-B7A1-0A6B52905A74}.Release|x86.Build.0 = Release|Any CPU
		{879EF09C-6581-4E36-BC50-2FBFEA798762}.Debug|Any CPU.ActiveCfg = Debug|Any CPU
		{879EF09C-6581-4E36-BC50-2FBFEA798762}.Debug|Any CPU.Build.0 = Debug|Any CPU
		{879EF09C-6581-4E36-BC50-2FBFEA798762}.Debug|x64.ActiveCfg = Debug|Any CPU
		{879EF09C-6581-4E36-BC50-2FBFEA798762}.Debug|x64.Build.0 = Debug|Any CPU
		{879EF09C-6581-4E36-BC50-2FBFEA798762}.Debug|x86.ActiveCfg = Debug|Any CPU
		{879EF09C-6581-4E36-BC50-2FBFEA798762}.Debug|x86.Build.0 = Debug|Any CPU
		{879EF09C-6581-4E36-BC50-2FBFEA798762}.Release|Any CPU.ActiveCfg = Release|Any CPU
		{879EF09C-6581-4E36-BC50-2FBFEA798762}.Release|Any CPU.Build.0 = Release|Any CPU
		{879EF09C-6581-4E36-BC50-2FBFEA798762}.Release|x64.ActiveCfg = Release|Any CPU
		{879EF09C-6581-4E36-BC50-2FBFEA798762}.Release|x64.Build.0 = Release|Any CPU
		{879EF09C-6581-4E36-BC50-2FBFEA798762}.Release|x86.ActiveCfg = Release|Any CPU
		{879EF09C-6581-4E36-BC50-2FBFEA798762}.Release|x86.Build.0 = Release|Any CPU
		{D45268BC-9363-488F-9FC9-861B8595DCAB}.Debug|Any CPU.ActiveCfg = Debug|Any CPU
		{D45268BC-9363-488F-9FC9-861B8595DCAB}.Debug|Any CPU.Build.0 = Debug|Any CPU
		{D45268BC-9363-488F-9FC9-861B8595DCAB}.Debug|x64.ActiveCfg = Debug|Any CPU
		{D45268BC-9363-488F-9FC9-861B8595DCAB}.Debug|x64.Build.0 = Debug|Any CPU
		{D45268BC-9363-488F-9FC9-861B8595DCAB}.Debug|x86.ActiveCfg = Debug|Any CPU
		{D45268BC-9363-488F-9FC9-861B8595DCAB}.Debug|x86.Build.0 = Debug|Any CPU
		{D45268BC-9363-488F-9FC9-861B8595DCAB}.Release|Any CPU.ActiveCfg = Release|Any CPU
		{D45268BC-9363-488F-9FC9-861B8595DCAB}.Release|Any CPU.Build.0 = Release|Any CPU
		{D45268BC-9363-488F-9FC9-861B8595DCAB}.Release|x64.ActiveCfg = Release|Any CPU
		{D45268BC-9363-488F-9FC9-861B8595DCAB}.Release|x64.Build.0 = Release|Any CPU
		{D45268BC-9363-488F-9FC9-861B8595DCAB}.Release|x86.ActiveCfg = Release|Any CPU
		{D45268BC-9363-488F-9FC9-861B8595DCAB}.Release|x86.Build.0 = Release|Any CPU
		{7275CF44-859B-4630-9F9B-A41DE0B2CC74}.Debug|Any CPU.ActiveCfg = Debug|Any CPU
		{7275CF44-859B-4630-9F9B-A41DE0B2CC74}.Debug|Any CPU.Build.0 = Debug|Any CPU
		{7275CF44-859B-4630-9F9B-A41DE0B2CC74}.Debug|x64.ActiveCfg = Debug|Any CPU
		{7275CF44-859B-4630-9F9B-A41DE0B2CC74}.Debug|x64.Build.0 = Debug|Any CPU
		{7275CF44-859B-4630-9F9B-A41DE0B2CC74}.Debug|x86.ActiveCfg = Debug|Any CPU
		{7275CF44-859B-4630-9F9B-A41DE0B2CC74}.Debug|x86.Build.0 = Debug|Any CPU
		{7275CF44-859B-4630-9F9B-A41DE0B2CC74}.Release|Any CPU.ActiveCfg = Release|Any CPU
		{7275CF44-859B-4630-9F9B-A41DE0B2CC74}.Release|Any CPU.Build.0 = Release|Any CPU
		{7275CF44-859B-4630-9F9B-A41DE0B2CC74}.Release|x64.ActiveCfg = Release|Any CPU
		{7275CF44-859B-4630-9F9B-A41DE0B2CC74}.Release|x64.Build.0 = Release|Any CPU
		{7275CF44-859B-4630-9F9B-A41DE0B2CC74}.Release|x86.ActiveCfg = Release|Any CPU
		{7275CF44-859B-4630-9F9B-A41DE0B2CC74}.Release|x86.Build.0 = Release|Any CPU
		{DB2F1141-EC10-4AC3-92FE-C892484D0297}.Debug|Any CPU.ActiveCfg = Debug|Any CPU
		{DB2F1141-EC10-4AC3-92FE-C892484D0297}.Debug|Any CPU.Build.0 = Debug|Any CPU
		{DB2F1141-EC10-4AC3-92FE-C892484D0297}.Debug|x64.ActiveCfg = Debug|Any CPU
		{DB2F1141-EC10-4AC3-92FE-C892484D0297}.Debug|x64.Build.0 = Debug|Any CPU
		{DB2F1141-EC10-4AC3-92FE-C892484D0297}.Debug|x86.ActiveCfg = Debug|Any CPU
		{DB2F1141-EC10-4AC3-92FE-C892484D0297}.Debug|x86.Build.0 = Debug|Any CPU
		{DB2F1141-EC10-4AC3-92FE-C892484D0297}.Release|Any CPU.ActiveCfg = Release|Any CPU
		{DB2F1141-EC10-4AC3-92FE-C892484D0297}.Release|Any CPU.Build.0 = Release|Any CPU
		{DB2F1141-EC10-4AC3-92FE-C892484D0297}.Release|x64.ActiveCfg = Release|Any CPU
		{DB2F1141-EC10-4AC3-92FE-C892484D0297}.Release|x64.Build.0 = Release|Any CPU
		{DB2F1141-EC10-4AC3-92FE-C892484D0297}.Release|x86.ActiveCfg = Release|Any CPU
		{DB2F1141-EC10-4AC3-92FE-C892484D0297}.Release|x86.Build.0 = Release|Any CPU
		{D0129980-C21E-4929-BCB6-D4F9115ABE3C}.Debug|Any CPU.ActiveCfg = Debug|Any CPU
		{D0129980-C21E-4929-BCB6-D4F9115ABE3C}.Debug|Any CPU.Build.0 = Debug|Any CPU
		{D0129980-C21E-4929-BCB6-D4F9115ABE3C}.Debug|x64.ActiveCfg = Debug|Any CPU
		{D0129980-C21E-4929-BCB6-D4F9115ABE3C}.Debug|x64.Build.0 = Debug|Any CPU
		{D0129980-C21E-4929-BCB6-D4F9115ABE3C}.Debug|x86.ActiveCfg = Debug|Any CPU
		{D0129980-C21E-4929-BCB6-D4F9115ABE3C}.Debug|x86.Build.0 = Debug|Any CPU
		{D0129980-C21E-4929-BCB6-D4F9115ABE3C}.Release|Any CPU.ActiveCfg = Release|Any CPU
		{D0129980-C21E-4929-BCB6-D4F9115ABE3C}.Release|Any CPU.Build.0 = Release|Any CPU
		{D0129980-C21E-4929-BCB6-D4F9115ABE3C}.Release|x64.ActiveCfg = Release|Any CPU
		{D0129980-C21E-4929-BCB6-D4F9115ABE3C}.Release|x64.Build.0 = Release|Any CPU
		{D0129980-C21E-4929-BCB6-D4F9115ABE3C}.Release|x86.ActiveCfg = Release|Any CPU
		{D0129980-C21E-4929-BCB6-D4F9115ABE3C}.Release|x86.Build.0 = Release|Any CPU
		{EF8A1934-B662-412B-BE3F-E680D54002C2}.Debug|Any CPU.ActiveCfg = Debug|Any CPU
		{EF8A1934-B662-412B-BE3F-E680D54002C2}.Debug|Any CPU.Build.0 = Debug|Any CPU
		{EF8A1934-B662-412B-BE3F-E680D54002C2}.Debug|x64.ActiveCfg = Debug|Any CPU
		{EF8A1934-B662-412B-BE3F-E680D54002C2}.Debug|x64.Build.0 = Debug|Any CPU
		{EF8A1934-B662-412B-BE3F-E680D54002C2}.Debug|x86.ActiveCfg = Debug|Any CPU
		{EF8A1934-B662-412B-BE3F-E680D54002C2}.Debug|x86.Build.0 = Debug|Any CPU
		{EF8A1934-B662-412B-BE3F-E680D54002C2}.Release|Any CPU.ActiveCfg = Release|Any CPU
		{EF8A1934-B662-412B-BE3F-E680D54002C2}.Release|Any CPU.Build.0 = Release|Any CPU
		{EF8A1934-B662-412B-BE3F-E680D54002C2}.Release|x64.ActiveCfg = Release|Any CPU
		{EF8A1934-B662-412B-BE3F-E680D54002C2}.Release|x64.Build.0 = Release|Any CPU
		{EF8A1934-B662-412B-BE3F-E680D54002C2}.Release|x86.ActiveCfg = Release|Any CPU
		{EF8A1934-B662-412B-BE3F-E680D54002C2}.Release|x86.Build.0 = Release|Any CPU
		{1B777C91-96AF-4D9D-91E0-05CF4479E004}.Debug|Any CPU.ActiveCfg = Debug|Any CPU
		{1B777C91-96AF-4D9D-91E0-05CF4479E004}.Debug|Any CPU.Build.0 = Debug|Any CPU
		{1B777C91-96AF-4D9D-91E0-05CF4479E004}.Debug|x64.ActiveCfg = Debug|Any CPU
		{1B777C91-96AF-4D9D-91E0-05CF4479E004}.Debug|x64.Build.0 = Debug|Any CPU
		{1B777C91-96AF-4D9D-91E0-05CF4479E004}.Debug|x86.ActiveCfg = Debug|Any CPU
		{1B777C91-96AF-4D9D-91E0-05CF4479E004}.Debug|x86.Build.0 = Debug|Any CPU
		{1B777C91-96AF-4D9D-91E0-05CF4479E004}.Release|Any CPU.ActiveCfg = Release|Any CPU
		{1B777C91-96AF-4D9D-91E0-05CF4479E004}.Release|Any CPU.Build.0 = Release|Any CPU
		{1B777C91-96AF-4D9D-91E0-05CF4479E004}.Release|x64.ActiveCfg = Release|Any CPU
		{1B777C91-96AF-4D9D-91E0-05CF4479E004}.Release|x64.Build.0 = Release|Any CPU
		{1B777C91-96AF-4D9D-91E0-05CF4479E004}.Release|x86.ActiveCfg = Release|Any CPU
		{1B777C91-96AF-4D9D-91E0-05CF4479E004}.Release|x86.Build.0 = Release|Any CPU
		{D832F045-387B-4EF4-B650-C868C2D12FDC}.Debug|Any CPU.ActiveCfg = Debug|Any CPU
		{D832F045-387B-4EF4-B650-C868C2D12FDC}.Debug|Any CPU.Build.0 = Debug|Any CPU
		{D832F045-387B-4EF4-B650-C868C2D12FDC}.Debug|x64.ActiveCfg = Debug|Any CPU
		{D832F045-387B-4EF4-B650-C868C2D12FDC}.Debug|x64.Build.0 = Debug|Any CPU
		{D832F045-387B-4EF4-B650-C868C2D12FDC}.Debug|x86.ActiveCfg = Debug|Any CPU
		{D832F045-387B-4EF4-B650-C868C2D12FDC}.Debug|x86.Build.0 = Debug|Any CPU
		{D832F045-387B-4EF4-B650-C868C2D12FDC}.Release|Any CPU.ActiveCfg = Release|Any CPU
		{D832F045-387B-4EF4-B650-C868C2D12FDC}.Release|Any CPU.Build.0 = Release|Any CPU
		{D832F045-387B-4EF4-B650-C868C2D12FDC}.Release|x64.ActiveCfg = Release|Any CPU
		{D832F045-387B-4EF4-B650-C868C2D12FDC}.Release|x64.Build.0 = Release|Any CPU
		{D832F045-387B-4EF4-B650-C868C2D12FDC}.Release|x86.ActiveCfg = Release|Any CPU
		{D832F045-387B-4EF4-B650-C868C2D12FDC}.Release|x86.Build.0 = Release|Any CPU
		{A4007AC2-A3B9-4128-AA5C-3078364F4A60}.Debug|Any CPU.ActiveCfg = Debug|Any CPU
		{A4007AC2-A3B9-4128-AA5C-3078364F4A60}.Debug|Any CPU.Build.0 = Debug|Any CPU
		{A4007AC2-A3B9-4128-AA5C-3078364F4A60}.Debug|x64.ActiveCfg = Debug|Any CPU
		{A4007AC2-A3B9-4128-AA5C-3078364F4A60}.Debug|x64.Build.0 = Debug|Any CPU
		{A4007AC2-A3B9-4128-AA5C-3078364F4A60}.Debug|x86.ActiveCfg = Debug|Any CPU
		{A4007AC2-A3B9-4128-AA5C-3078364F4A60}.Debug|x86.Build.0 = Debug|Any CPU
		{A4007AC2-A3B9-4128-AA5C-3078364F4A60}.Release|Any CPU.ActiveCfg = Release|Any CPU
		{A4007AC2-A3B9-4128-AA5C-3078364F4A60}.Release|Any CPU.Build.0 = Release|Any CPU
		{A4007AC2-A3B9-4128-AA5C-3078364F4A60}.Release|x64.ActiveCfg = Release|Any CPU
		{A4007AC2-A3B9-4128-AA5C-3078364F4A60}.Release|x64.Build.0 = Release|Any CPU
		{A4007AC2-A3B9-4128-AA5C-3078364F4A60}.Release|x86.ActiveCfg = Release|Any CPU
		{A4007AC2-A3B9-4128-AA5C-3078364F4A60}.Release|x86.Build.0 = Release|Any CPU
		{C9BEF8F8-1A36-4425-81DD-CEB63810C59C}.Debug|Any CPU.ActiveCfg = Debug|Any CPU
		{C9BEF8F8-1A36-4425-81DD-CEB63810C59C}.Debug|Any CPU.Build.0 = Debug|Any CPU
		{C9BEF8F8-1A36-4425-81DD-CEB63810C59C}.Debug|x64.ActiveCfg = Debug|Any CPU
		{C9BEF8F8-1A36-4425-81DD-CEB63810C59C}.Debug|x64.Build.0 = Debug|Any CPU
		{C9BEF8F8-1A36-4425-81DD-CEB63810C59C}.Debug|x86.ActiveCfg = Debug|Any CPU
		{C9BEF8F8-1A36-4425-81DD-CEB63810C59C}.Debug|x86.Build.0 = Debug|Any CPU
		{C9BEF8F8-1A36-4425-81DD-CEB63810C59C}.Release|Any CPU.ActiveCfg = Release|Any CPU
		{C9BEF8F8-1A36-4425-81DD-CEB63810C59C}.Release|Any CPU.Build.0 = Release|Any CPU
		{C9BEF8F8-1A36-4425-81DD-CEB63810C59C}.Release|x64.ActiveCfg = Release|Any CPU
		{C9BEF8F8-1A36-4425-81DD-CEB63810C59C}.Release|x64.Build.0 = Release|Any CPU
		{C9BEF8F8-1A36-4425-81DD-CEB63810C59C}.Release|x86.ActiveCfg = Release|Any CPU
		{C9BEF8F8-1A36-4425-81DD-CEB63810C59C}.Release|x86.Build.0 = Release|Any CPU
		{37E5090A-5A34-4BF0-B73A-BB4B20A0286C}.Debug|Any CPU.ActiveCfg = Debug|Any CPU
		{37E5090A-5A34-4BF0-B73A-BB4B20A0286C}.Debug|Any CPU.Build.0 = Debug|Any CPU
		{37E5090A-5A34-4BF0-B73A-BB4B20A0286C}.Debug|x64.ActiveCfg = Debug|Any CPU
		{37E5090A-5A34-4BF0-B73A-BB4B20A0286C}.Debug|x64.Build.0 = Debug|Any CPU
		{37E5090A-5A34-4BF0-B73A-BB4B20A0286C}.Debug|x86.ActiveCfg = Debug|Any CPU
		{37E5090A-5A34-4BF0-B73A-BB4B20A0286C}.Debug|x86.Build.0 = Debug|Any CPU
		{37E5090A-5A34-4BF0-B73A-BB4B20A0286C}.Release|Any CPU.ActiveCfg = Release|Any CPU
		{37E5090A-5A34-4BF0-B73A-BB4B20A0286C}.Release|Any CPU.Build.0 = Release|Any CPU
		{37E5090A-5A34-4BF0-B73A-BB4B20A0286C}.Release|x64.ActiveCfg = Release|Any CPU
		{37E5090A-5A34-4BF0-B73A-BB4B20A0286C}.Release|x64.Build.0 = Release|Any CPU
		{37E5090A-5A34-4BF0-B73A-BB4B20A0286C}.Release|x86.ActiveCfg = Release|Any CPU
		{37E5090A-5A34-4BF0-B73A-BB4B20A0286C}.Release|x86.Build.0 = Release|Any CPU
		{5314C793-35F9-469E-AF16-FB3D96289C3E}.Debug|Any CPU.ActiveCfg = Debug|Any CPU
		{5314C793-35F9-469E-AF16-FB3D96289C3E}.Debug|Any CPU.Build.0 = Debug|Any CPU
		{5314C793-35F9-469E-AF16-FB3D96289C3E}.Debug|x64.ActiveCfg = Debug|Any CPU
		{5314C793-35F9-469E-AF16-FB3D96289C3E}.Debug|x64.Build.0 = Debug|Any CPU
		{5314C793-35F9-469E-AF16-FB3D96289C3E}.Debug|x86.ActiveCfg = Debug|Any CPU
		{5314C793-35F9-469E-AF16-FB3D96289C3E}.Debug|x86.Build.0 = Debug|Any CPU
		{5314C793-35F9-469E-AF16-FB3D96289C3E}.Release|Any CPU.ActiveCfg = Release|Any CPU
		{5314C793-35F9-469E-AF16-FB3D96289C3E}.Release|Any CPU.Build.0 = Release|Any CPU
		{5314C793-35F9-469E-AF16-FB3D96289C3E}.Release|x64.ActiveCfg = Release|Any CPU
		{5314C793-35F9-469E-AF16-FB3D96289C3E}.Release|x64.Build.0 = Release|Any CPU
		{5314C793-35F9-469E-AF16-FB3D96289C3E}.Release|x86.ActiveCfg = Release|Any CPU
		{5314C793-35F9-469E-AF16-FB3D96289C3E}.Release|x86.Build.0 = Release|Any CPU
		{D6D7F116-C3E8-47E9-838C-BCB9E1774A39}.Debug|Any CPU.ActiveCfg = Debug|Any CPU
		{D6D7F116-C3E8-47E9-838C-BCB9E1774A39}.Debug|Any CPU.Build.0 = Debug|Any CPU
		{D6D7F116-C3E8-47E9-838C-BCB9E1774A39}.Debug|x64.ActiveCfg = Debug|Any CPU
		{D6D7F116-C3E8-47E9-838C-BCB9E1774A39}.Debug|x64.Build.0 = Debug|Any CPU
		{D6D7F116-C3E8-47E9-838C-BCB9E1774A39}.Debug|x86.ActiveCfg = Debug|Any CPU
		{D6D7F116-C3E8-47E9-838C-BCB9E1774A39}.Debug|x86.Build.0 = Debug|Any CPU
		{D6D7F116-C3E8-47E9-838C-BCB9E1774A39}.Release|Any CPU.ActiveCfg = Release|Any CPU
		{D6D7F116-C3E8-47E9-838C-BCB9E1774A39}.Release|Any CPU.Build.0 = Release|Any CPU
		{D6D7F116-C3E8-47E9-838C-BCB9E1774A39}.Release|x64.ActiveCfg = Release|Any CPU
		{D6D7F116-C3E8-47E9-838C-BCB9E1774A39}.Release|x64.Build.0 = Release|Any CPU
		{D6D7F116-C3E8-47E9-838C-BCB9E1774A39}.Release|x86.ActiveCfg = Release|Any CPU
		{D6D7F116-C3E8-47E9-838C-BCB9E1774A39}.Release|x86.Build.0 = Release|Any CPU
		{048DA059-A1C3-4483-A52F-8A9143199A8D}.Debug|Any CPU.ActiveCfg = Debug|Any CPU
		{048DA059-A1C3-4483-A52F-8A9143199A8D}.Debug|Any CPU.Build.0 = Debug|Any CPU
		{048DA059-A1C3-4483-A52F-8A9143199A8D}.Debug|x64.ActiveCfg = Debug|Any CPU
		{048DA059-A1C3-4483-A52F-8A9143199A8D}.Debug|x64.Build.0 = Debug|Any CPU
		{048DA059-A1C3-4483-A52F-8A9143199A8D}.Debug|x86.ActiveCfg = Debug|Any CPU
		{048DA059-A1C3-4483-A52F-8A9143199A8D}.Debug|x86.Build.0 = Debug|Any CPU
		{048DA059-A1C3-4483-A52F-8A9143199A8D}.Release|Any CPU.ActiveCfg = Release|Any CPU
		{048DA059-A1C3-4483-A52F-8A9143199A8D}.Release|Any CPU.Build.0 = Release|Any CPU
		{048DA059-A1C3-4483-A52F-8A9143199A8D}.Release|x64.ActiveCfg = Release|Any CPU
		{048DA059-A1C3-4483-A52F-8A9143199A8D}.Release|x64.Build.0 = Release|Any CPU
		{048DA059-A1C3-4483-A52F-8A9143199A8D}.Release|x86.ActiveCfg = Release|Any CPU
		{048DA059-A1C3-4483-A52F-8A9143199A8D}.Release|x86.Build.0 = Release|Any CPU
		{AFD6EF50-034B-4B90-A40A-19ED38C1F08B}.Debug|Any CPU.ActiveCfg = Debug|Any CPU
		{AFD6EF50-034B-4B90-A40A-19ED38C1F08B}.Debug|Any CPU.Build.0 = Debug|Any CPU
		{AFD6EF50-034B-4B90-A40A-19ED38C1F08B}.Debug|x64.ActiveCfg = Debug|Any CPU
		{AFD6EF50-034B-4B90-A40A-19ED38C1F08B}.Debug|x64.Build.0 = Debug|Any CPU
		{AFD6EF50-034B-4B90-A40A-19ED38C1F08B}.Debug|x86.ActiveCfg = Debug|Any CPU
		{AFD6EF50-034B-4B90-A40A-19ED38C1F08B}.Debug|x86.Build.0 = Debug|Any CPU
		{AFD6EF50-034B-4B90-A40A-19ED38C1F08B}.Release|Any CPU.ActiveCfg = Release|Any CPU
		{AFD6EF50-034B-4B90-A40A-19ED38C1F08B}.Release|Any CPU.Build.0 = Release|Any CPU
		{AFD6EF50-034B-4B90-A40A-19ED38C1F08B}.Release|x64.ActiveCfg = Release|Any CPU
		{AFD6EF50-034B-4B90-A40A-19ED38C1F08B}.Release|x64.Build.0 = Release|Any CPU
		{AFD6EF50-034B-4B90-A40A-19ED38C1F08B}.Release|x86.ActiveCfg = Release|Any CPU
		{AFD6EF50-034B-4B90-A40A-19ED38C1F08B}.Release|x86.Build.0 = Release|Any CPU
		{F5EB77D7-6C2B-4192-B151-8DA0CF7B26B0}.Debug|Any CPU.ActiveCfg = Debug|Any CPU
		{F5EB77D7-6C2B-4192-B151-8DA0CF7B26B0}.Debug|Any CPU.Build.0 = Debug|Any CPU
		{F5EB77D7-6C2B-4192-B151-8DA0CF7B26B0}.Debug|x64.ActiveCfg = Debug|Any CPU
		{F5EB77D7-6C2B-4192-B151-8DA0CF7B26B0}.Debug|x64.Build.0 = Debug|Any CPU
		{F5EB77D7-6C2B-4192-B151-8DA0CF7B26B0}.Debug|x86.ActiveCfg = Debug|Any CPU
		{F5EB77D7-6C2B-4192-B151-8DA0CF7B26B0}.Debug|x86.Build.0 = Debug|Any CPU
		{F5EB77D7-6C2B-4192-B151-8DA0CF7B26B0}.Release|Any CPU.ActiveCfg = Release|Any CPU
		{F5EB77D7-6C2B-4192-B151-8DA0CF7B26B0}.Release|Any CPU.Build.0 = Release|Any CPU
		{F5EB77D7-6C2B-4192-B151-8DA0CF7B26B0}.Release|x64.ActiveCfg = Release|Any CPU
		{F5EB77D7-6C2B-4192-B151-8DA0CF7B26B0}.Release|x64.Build.0 = Release|Any CPU
		{F5EB77D7-6C2B-4192-B151-8DA0CF7B26B0}.Release|x86.ActiveCfg = Release|Any CPU
		{F5EB77D7-6C2B-4192-B151-8DA0CF7B26B0}.Release|x86.Build.0 = Release|Any CPU
		{AC55586D-1BF7-40F8-BE89-5D06679A805B}.Debug|Any CPU.ActiveCfg = Debug|Any CPU
		{AC55586D-1BF7-40F8-BE89-5D06679A805B}.Debug|Any CPU.Build.0 = Debug|Any CPU
		{AC55586D-1BF7-40F8-BE89-5D06679A805B}.Debug|x64.ActiveCfg = Debug|Any CPU
		{AC55586D-1BF7-40F8-BE89-5D06679A805B}.Debug|x64.Build.0 = Debug|Any CPU
		{AC55586D-1BF7-40F8-BE89-5D06679A805B}.Debug|x86.ActiveCfg = Debug|Any CPU
		{AC55586D-1BF7-40F8-BE89-5D06679A805B}.Debug|x86.Build.0 = Debug|Any CPU
		{AC55586D-1BF7-40F8-BE89-5D06679A805B}.Release|Any CPU.ActiveCfg = Release|Any CPU
		{AC55586D-1BF7-40F8-BE89-5D06679A805B}.Release|Any CPU.Build.0 = Release|Any CPU
		{AC55586D-1BF7-40F8-BE89-5D06679A805B}.Release|x64.ActiveCfg = Release|Any CPU
		{AC55586D-1BF7-40F8-BE89-5D06679A805B}.Release|x64.Build.0 = Release|Any CPU
		{AC55586D-1BF7-40F8-BE89-5D06679A805B}.Release|x86.ActiveCfg = Release|Any CPU
		{AC55586D-1BF7-40F8-BE89-5D06679A805B}.Release|x86.Build.0 = Release|Any CPU
		{B3080DC1-5D42-4FDE-963B-A96B3CF77BC7}.Debug|Any CPU.ActiveCfg = Debug|Any CPU
		{B3080DC1-5D42-4FDE-963B-A96B3CF77BC7}.Debug|Any CPU.Build.0 = Debug|Any CPU
		{B3080DC1-5D42-4FDE-963B-A96B3CF77BC7}.Debug|x64.ActiveCfg = Debug|Any CPU
		{B3080DC1-5D42-4FDE-963B-A96B3CF77BC7}.Debug|x64.Build.0 = Debug|Any CPU
		{B3080DC1-5D42-4FDE-963B-A96B3CF77BC7}.Debug|x86.ActiveCfg = Debug|Any CPU
		{B3080DC1-5D42-4FDE-963B-A96B3CF77BC7}.Debug|x86.Build.0 = Debug|Any CPU
		{B3080DC1-5D42-4FDE-963B-A96B3CF77BC7}.Release|Any CPU.ActiveCfg = Release|Any CPU
		{B3080DC1-5D42-4FDE-963B-A96B3CF77BC7}.Release|Any CPU.Build.0 = Release|Any CPU
		{B3080DC1-5D42-4FDE-963B-A96B3CF77BC7}.Release|x64.ActiveCfg = Release|Any CPU
		{B3080DC1-5D42-4FDE-963B-A96B3CF77BC7}.Release|x64.Build.0 = Release|Any CPU
		{B3080DC1-5D42-4FDE-963B-A96B3CF77BC7}.Release|x86.ActiveCfg = Release|Any CPU
		{B3080DC1-5D42-4FDE-963B-A96B3CF77BC7}.Release|x86.Build.0 = Release|Any CPU
		{D59D480C-4308-48C4-8440-73F7BB908BD3}.Debug|Any CPU.ActiveCfg = Debug|Any CPU
		{D59D480C-4308-48C4-8440-73F7BB908BD3}.Debug|Any CPU.Build.0 = Debug|Any CPU
		{D59D480C-4308-48C4-8440-73F7BB908BD3}.Debug|x64.ActiveCfg = Debug|Any CPU
		{D59D480C-4308-48C4-8440-73F7BB908BD3}.Debug|x64.Build.0 = Debug|Any CPU
		{D59D480C-4308-48C4-8440-73F7BB908BD3}.Debug|x86.ActiveCfg = Debug|Any CPU
		{D59D480C-4308-48C4-8440-73F7BB908BD3}.Debug|x86.Build.0 = Debug|Any CPU
		{D59D480C-4308-48C4-8440-73F7BB908BD3}.Release|Any CPU.ActiveCfg = Release|Any CPU
		{D59D480C-4308-48C4-8440-73F7BB908BD3}.Release|Any CPU.Build.0 = Release|Any CPU
		{D59D480C-4308-48C4-8440-73F7BB908BD3}.Release|x64.ActiveCfg = Release|Any CPU
		{D59D480C-4308-48C4-8440-73F7BB908BD3}.Release|x64.Build.0 = Release|Any CPU
		{D59D480C-4308-48C4-8440-73F7BB908BD3}.Release|x86.ActiveCfg = Release|Any CPU
		{D59D480C-4308-48C4-8440-73F7BB908BD3}.Release|x86.Build.0 = Release|Any CPU
		{C73FFCC9-9D5E-4ABE-9217-416D4FE18C1B}.Debug|Any CPU.ActiveCfg = Debug|Any CPU
		{C73FFCC9-9D5E-4ABE-9217-416D4FE18C1B}.Debug|Any CPU.Build.0 = Debug|Any CPU
		{C73FFCC9-9D5E-4ABE-9217-416D4FE18C1B}.Debug|x64.ActiveCfg = Debug|Any CPU
		{C73FFCC9-9D5E-4ABE-9217-416D4FE18C1B}.Debug|x64.Build.0 = Debug|Any CPU
		{C73FFCC9-9D5E-4ABE-9217-416D4FE18C1B}.Debug|x86.ActiveCfg = Debug|Any CPU
		{C73FFCC9-9D5E-4ABE-9217-416D4FE18C1B}.Debug|x86.Build.0 = Debug|Any CPU
		{C73FFCC9-9D5E-4ABE-9217-416D4FE18C1B}.Release|Any CPU.ActiveCfg = Release|Any CPU
		{C73FFCC9-9D5E-4ABE-9217-416D4FE18C1B}.Release|Any CPU.Build.0 = Release|Any CPU
		{C73FFCC9-9D5E-4ABE-9217-416D4FE18C1B}.Release|x64.ActiveCfg = Release|Any CPU
		{C73FFCC9-9D5E-4ABE-9217-416D4FE18C1B}.Release|x64.Build.0 = Release|Any CPU
		{C73FFCC9-9D5E-4ABE-9217-416D4FE18C1B}.Release|x86.ActiveCfg = Release|Any CPU
		{C73FFCC9-9D5E-4ABE-9217-416D4FE18C1B}.Release|x86.Build.0 = Release|Any CPU
		{339D82F2-E2C4-4FEE-B199-0B64F1498F52}.Debug|Any CPU.ActiveCfg = Debug|Any CPU
		{339D82F2-E2C4-4FEE-B199-0B64F1498F52}.Debug|Any CPU.Build.0 = Debug|Any CPU
		{339D82F2-E2C4-4FEE-B199-0B64F1498F52}.Debug|x64.ActiveCfg = Debug|Any CPU
		{339D82F2-E2C4-4FEE-B199-0B64F1498F52}.Debug|x64.Build.0 = Debug|Any CPU
		{339D82F2-E2C4-4FEE-B199-0B64F1498F52}.Debug|x86.ActiveCfg = Debug|Any CPU
		{339D82F2-E2C4-4FEE-B199-0B64F1498F52}.Debug|x86.Build.0 = Debug|Any CPU
		{339D82F2-E2C4-4FEE-B199-0B64F1498F52}.Release|Any CPU.ActiveCfg = Release|Any CPU
		{339D82F2-E2C4-4FEE-B199-0B64F1498F52}.Release|Any CPU.Build.0 = Release|Any CPU
		{339D82F2-E2C4-4FEE-B199-0B64F1498F52}.Release|x64.ActiveCfg = Release|Any CPU
		{339D82F2-E2C4-4FEE-B199-0B64F1498F52}.Release|x64.Build.0 = Release|Any CPU
		{339D82F2-E2C4-4FEE-B199-0B64F1498F52}.Release|x86.ActiveCfg = Release|Any CPU
		{339D82F2-E2C4-4FEE-B199-0B64F1498F52}.Release|x86.Build.0 = Release|Any CPU
		{47353C69-1D7B-4478-B943-60480BFECD51}.Debug|Any CPU.ActiveCfg = Debug|Any CPU
		{47353C69-1D7B-4478-B943-60480BFECD51}.Debug|Any CPU.Build.0 = Debug|Any CPU
		{47353C69-1D7B-4478-B943-60480BFECD51}.Debug|x64.ActiveCfg = Debug|Any CPU
		{47353C69-1D7B-4478-B943-60480BFECD51}.Debug|x64.Build.0 = Debug|Any CPU
		{47353C69-1D7B-4478-B943-60480BFECD51}.Debug|x86.ActiveCfg = Debug|Any CPU
		{47353C69-1D7B-4478-B943-60480BFECD51}.Debug|x86.Build.0 = Debug|Any CPU
		{47353C69-1D7B-4478-B943-60480BFECD51}.Release|Any CPU.ActiveCfg = Release|Any CPU
		{47353C69-1D7B-4478-B943-60480BFECD51}.Release|Any CPU.Build.0 = Release|Any CPU
		{47353C69-1D7B-4478-B943-60480BFECD51}.Release|x64.ActiveCfg = Release|Any CPU
		{47353C69-1D7B-4478-B943-60480BFECD51}.Release|x64.Build.0 = Release|Any CPU
		{47353C69-1D7B-4478-B943-60480BFECD51}.Release|x86.ActiveCfg = Release|Any CPU
		{47353C69-1D7B-4478-B943-60480BFECD51}.Release|x86.Build.0 = Release|Any CPU
		{B63CD54B-83BA-47EF-A55D-CBDBCEA42FAB}.Debug|Any CPU.ActiveCfg = Debug|Any CPU
		{B63CD54B-83BA-47EF-A55D-CBDBCEA42FAB}.Debug|Any CPU.Build.0 = Debug|Any CPU
		{B63CD54B-83BA-47EF-A55D-CBDBCEA42FAB}.Debug|x64.ActiveCfg = Debug|Any CPU
		{B63CD54B-83BA-47EF-A55D-CBDBCEA42FAB}.Debug|x64.Build.0 = Debug|Any CPU
		{B63CD54B-83BA-47EF-A55D-CBDBCEA42FAB}.Debug|x86.ActiveCfg = Debug|Any CPU
		{B63CD54B-83BA-47EF-A55D-CBDBCEA42FAB}.Debug|x86.Build.0 = Debug|Any CPU
		{B63CD54B-83BA-47EF-A55D-CBDBCEA42FAB}.Release|Any CPU.ActiveCfg = Release|Any CPU
		{B63CD54B-83BA-47EF-A55D-CBDBCEA42FAB}.Release|Any CPU.Build.0 = Release|Any CPU
		{B63CD54B-83BA-47EF-A55D-CBDBCEA42FAB}.Release|x64.ActiveCfg = Release|Any CPU
		{B63CD54B-83BA-47EF-A55D-CBDBCEA42FAB}.Release|x64.Build.0 = Release|Any CPU
		{B63CD54B-83BA-47EF-A55D-CBDBCEA42FAB}.Release|x86.ActiveCfg = Release|Any CPU
		{B63CD54B-83BA-47EF-A55D-CBDBCEA42FAB}.Release|x86.Build.0 = Release|Any CPU
		{216C63A0-1B79-45AE-8CCA-C8587EB18896}.Debug|Any CPU.ActiveCfg = Debug|Any CPU
		{216C63A0-1B79-45AE-8CCA-C8587EB18896}.Debug|Any CPU.Build.0 = Debug|Any CPU
		{216C63A0-1B79-45AE-8CCA-C8587EB18896}.Debug|x64.ActiveCfg = Debug|Any CPU
		{216C63A0-1B79-45AE-8CCA-C8587EB18896}.Debug|x64.Build.0 = Debug|Any CPU
		{216C63A0-1B79-45AE-8CCA-C8587EB18896}.Debug|x86.ActiveCfg = Debug|Any CPU
		{216C63A0-1B79-45AE-8CCA-C8587EB18896}.Debug|x86.Build.0 = Debug|Any CPU
		{216C63A0-1B79-45AE-8CCA-C8587EB18896}.Release|Any CPU.ActiveCfg = Release|Any CPU
		{216C63A0-1B79-45AE-8CCA-C8587EB18896}.Release|Any CPU.Build.0 = Release|Any CPU
		{216C63A0-1B79-45AE-8CCA-C8587EB18896}.Release|x64.ActiveCfg = Release|Any CPU
		{216C63A0-1B79-45AE-8CCA-C8587EB18896}.Release|x64.Build.0 = Release|Any CPU
		{216C63A0-1B79-45AE-8CCA-C8587EB18896}.Release|x86.ActiveCfg = Release|Any CPU
		{216C63A0-1B79-45AE-8CCA-C8587EB18896}.Release|x86.Build.0 = Release|Any CPU
		{48FDA5A1-B4A1-4AE5-B47A-85D7A7821CD6}.Debug|Any CPU.ActiveCfg = Debug|Any CPU
		{48FDA5A1-B4A1-4AE5-B47A-85D7A7821CD6}.Debug|Any CPU.Build.0 = Debug|Any CPU
		{48FDA5A1-B4A1-4AE5-B47A-85D7A7821CD6}.Debug|x64.ActiveCfg = Debug|Any CPU
		{48FDA5A1-B4A1-4AE5-B47A-85D7A7821CD6}.Debug|x64.Build.0 = Debug|Any CPU
		{48FDA5A1-B4A1-4AE5-B47A-85D7A7821CD6}.Debug|x86.ActiveCfg = Debug|Any CPU
		{48FDA5A1-B4A1-4AE5-B47A-85D7A7821CD6}.Debug|x86.Build.0 = Debug|Any CPU
		{48FDA5A1-B4A1-4AE5-B47A-85D7A7821CD6}.Release|Any CPU.ActiveCfg = Release|Any CPU
		{48FDA5A1-B4A1-4AE5-B47A-85D7A7821CD6}.Release|Any CPU.Build.0 = Release|Any CPU
		{48FDA5A1-B4A1-4AE5-B47A-85D7A7821CD6}.Release|x64.ActiveCfg = Release|Any CPU
		{48FDA5A1-B4A1-4AE5-B47A-85D7A7821CD6}.Release|x64.Build.0 = Release|Any CPU
		{48FDA5A1-B4A1-4AE5-B47A-85D7A7821CD6}.Release|x86.ActiveCfg = Release|Any CPU
		{48FDA5A1-B4A1-4AE5-B47A-85D7A7821CD6}.Release|x86.Build.0 = Release|Any CPU
		{2DFB9BAB-F4C4-4048-9DA3-FD48688DD758}.Debug|Any CPU.ActiveCfg = Debug|Any CPU
		{2DFB9BAB-F4C4-4048-9DA3-FD48688DD758}.Debug|Any CPU.Build.0 = Debug|Any CPU
		{2DFB9BAB-F4C4-4048-9DA3-FD48688DD758}.Debug|x64.ActiveCfg = Debug|Any CPU
		{2DFB9BAB-F4C4-4048-9DA3-FD48688DD758}.Debug|x64.Build.0 = Debug|Any CPU
		{2DFB9BAB-F4C4-4048-9DA3-FD48688DD758}.Debug|x86.ActiveCfg = Debug|Any CPU
		{2DFB9BAB-F4C4-4048-9DA3-FD48688DD758}.Debug|x86.Build.0 = Debug|Any CPU
		{2DFB9BAB-F4C4-4048-9DA3-FD48688DD758}.Release|Any CPU.ActiveCfg = Release|Any CPU
		{2DFB9BAB-F4C4-4048-9DA3-FD48688DD758}.Release|Any CPU.Build.0 = Release|Any CPU
		{2DFB9BAB-F4C4-4048-9DA3-FD48688DD758}.Release|x64.ActiveCfg = Release|Any CPU
		{2DFB9BAB-F4C4-4048-9DA3-FD48688DD758}.Release|x64.Build.0 = Release|Any CPU
		{2DFB9BAB-F4C4-4048-9DA3-FD48688DD758}.Release|x86.ActiveCfg = Release|Any CPU
		{2DFB9BAB-F4C4-4048-9DA3-FD48688DD758}.Release|x86.Build.0 = Release|Any CPU
		{4D620594-47E8-490A-856E-1F8A85B7A925}.Debug|Any CPU.ActiveCfg = Debug|Any CPU
		{4D620594-47E8-490A-856E-1F8A85B7A925}.Debug|Any CPU.Build.0 = Debug|Any CPU
		{4D620594-47E8-490A-856E-1F8A85B7A925}.Debug|x64.ActiveCfg = Debug|Any CPU
		{4D620594-47E8-490A-856E-1F8A85B7A925}.Debug|x64.Build.0 = Debug|Any CPU
		{4D620594-47E8-490A-856E-1F8A85B7A925}.Debug|x86.ActiveCfg = Debug|Any CPU
		{4D620594-47E8-490A-856E-1F8A85B7A925}.Debug|x86.Build.0 = Debug|Any CPU
		{4D620594-47E8-490A-856E-1F8A85B7A925}.Release|Any CPU.ActiveCfg = Release|Any CPU
		{4D620594-47E8-490A-856E-1F8A85B7A925}.Release|Any CPU.Build.0 = Release|Any CPU
		{4D620594-47E8-490A-856E-1F8A85B7A925}.Release|x64.ActiveCfg = Release|Any CPU
		{4D620594-47E8-490A-856E-1F8A85B7A925}.Release|x64.Build.0 = Release|Any CPU
		{4D620594-47E8-490A-856E-1F8A85B7A925}.Release|x86.ActiveCfg = Release|Any CPU
		{4D620594-47E8-490A-856E-1F8A85B7A925}.Release|x86.Build.0 = Release|Any CPU
	EndGlobalSection
	GlobalSection(SolutionProperties) = preSolution
		HideSolutionNode = FALSE
	EndGlobalSection
	GlobalSection(ExtensibilityGlobals) = postSolution
		SolutionGuid = {D1C9D28D-5542-4190-85A4-EF11AC46349D}
	EndGlobalSection
EndGlobal
